// !$*UTF8*$!
{
	archiveVersion = 1;
	classes = {
	};
	objectVersion = 46;
	objects = {

/* Begin PBXBuildFile section */
		C40890DD1BDA21E300F090B1 /* main.m in Sources */ = {isa = PBXBuildFile; fileRef = C40890DC1BDA21E300F090B1 /* main.m */; };
		C40890E01BDA21E300F090B1 /* AppDelegate.m in Sources */ = {isa = PBXBuildFile; fileRef = C40890DF1BDA21E300F090B1 /* AppDelegate.m */; };
		C40890E81BDA21E300F090B1 /* Images.xcassets in Resources */ = {isa = PBXBuildFile; fileRef = C40890E71BDA21E300F090B1 /* Images.xcassets */; };
		C40890EB1BDA21E300F090B1 /* LaunchScreen.xib in Resources */ = {isa = PBXBuildFile; fileRef = C40890E91BDA21E300F090B1 /* LaunchScreen.xib */; };
		C40890F71BDA21E300F090B1 /* JvHuaTests.m in Sources */ = {isa = PBXBuildFile; fileRef = C40890F61BDA21E300F090B1 /* JvHuaTests.m */; };
		C40891371BDA230D00F090B1 /* JHNewFeatureViewController.m in Sources */ = {isa = PBXBuildFile; fileRef = C40891161BDA230D00F090B1 /* JHNewFeatureViewController.m */; };
		C40891381BDA230D00F090B1 /* UIBarButtonItem+Extension.m in Sources */ = {isa = PBXBuildFile; fileRef = C408911C1BDA230D00F090B1 /* UIBarButtonItem+Extension.m */; };
		C40891391BDA230D00F090B1 /* UIView+extension.m in Sources */ = {isa = PBXBuildFile; fileRef = C408911E1BDA230D00F090B1 /* UIView+extension.m */; };
		C408913A1BDA230D00F090B1 /* JHNavigationController.m in Sources */ = {isa = PBXBuildFile; fileRef = C40891211BDA230D00F090B1 /* JHNavigationController.m */; };
		C408913B1BDA230D00F090B1 /* JHTabBarController.m in Sources */ = {isa = PBXBuildFile; fileRef = C40891231BDA230D00F090B1 /* JHTabBarController.m */; };
		C408913C1BDA230D00F090B1 /* JHTemp2Controller.m in Sources */ = {isa = PBXBuildFile; fileRef = C408912D1BDA230D00F090B1 /* JHTemp2Controller.m */; };
		C40891451BDB2F0D00F090B1 /* JHUtils.m in Sources */ = {isa = PBXBuildFile; fileRef = C40891441BDB2F0D00F090B1 /* JHUtils.m */; };
		C45280521C08338200245653 /* JHBaseSettingController.m in Sources */ = {isa = PBXBuildFile; fileRef = C45280511C08338200245653 /* JHBaseSettingController.m */; };
		C45280551C08350400245653 /* JHGroup.m in Sources */ = {isa = PBXBuildFile; fileRef = C45280541C08350400245653 /* JHGroup.m */; };
		C45280581C08355300245653 /* JHItem.m in Sources */ = {isa = PBXBuildFile; fileRef = C45280571C08355300245653 /* JHItem.m */; };
		C452805B1C0835F700245653 /* JHItemArrow.m in Sources */ = {isa = PBXBuildFile; fileRef = C452805A1C0835F700245653 /* JHItemArrow.m */; };
		C452805E1C08365500245653 /* JHItemSwitch.m in Sources */ = {isa = PBXBuildFile; fileRef = C452805D1C08365500245653 /* JHItemSwitch.m */; };
		C45280641C08400A00245653 /* JHSettingItemCell.m in Sources */ = {isa = PBXBuildFile; fileRef = C45280631C08400A00245653 /* JHSettingItemCell.m */; };
		C45280671C08428800245653 /* JHItemLabel.m in Sources */ = {isa = PBXBuildFile; fileRef = C45280661C08428800245653 /* JHItemLabel.m */; };
		C452806A1C085BE900245653 /* JHComposeView.m in Sources */ = {isa = PBXBuildFile; fileRef = C45280691C085BE900245653 /* JHComposeView.m */; };
		C457919E1BEB75E5009C297C /* MBProgressHUD+MJ.m in Sources */ = {isa = PBXBuildFile; fileRef = C457919A1BEB75E4009C297C /* MBProgressHUD+MJ.m */; };
		C457919F1BEB75E5009C297C /* MBProgressHUD.bundle in Resources */ = {isa = PBXBuildFile; fileRef = C457919B1BEB75E4009C297C /* MBProgressHUD.bundle */; };
		C45791A01BEB75E5009C297C /* MBProgressHUD.m in Sources */ = {isa = PBXBuildFile; fileRef = C457919D1BEB75E4009C297C /* MBProgressHUD.m */; };
		C45791A51BEB8129009C297C /* OZHNetWork.m in Sources */ = {isa = PBXBuildFile; fileRef = C45791A41BEB8129009C297C /* OZHNetWork.m */; };
		C46876701BFC1ACC007606DE /* JHForgetPasswordViewController.m in Sources */ = {isa = PBXBuildFile; fileRef = C46AF87A1BF1CEFD00D26C7B /* JHForgetPasswordViewController.m */; };
		C46876711BFC1ADF007606DE /* LGAlertView.h in Sources */ = {isa = PBXBuildFile; fileRef = C4FC11E31BEDE10F00E84F17 /* LGAlertView.h */; };
		C46876721BFC1ADF007606DE /* LGAlertViewCell.h in Sources */ = {isa = PBXBuildFile; fileRef = C4FC11E51BEDE10F00E84F17 /* LGAlertViewCell.h */; };
		C46876731BFC1ADF007606DE /* LGAlertViewShared.h in Sources */ = {isa = PBXBuildFile; fileRef = C4FC11E71BEDE10F00E84F17 /* LGAlertViewShared.h */; };
		C46876741BFC1ADF007606DE /* LGAlertViewTextField.h in Sources */ = {isa = PBXBuildFile; fileRef = C4FC11E81BEDE10F00E84F17 /* LGAlertViewTextField.h */; };
		C468767D1BFC5F5D007606DE /* JHHomeTitleButton.h in Sources */ = {isa = PBXBuildFile; fileRef = C4F0DD741BE84BC70051A24A /* JHHomeTitleButton.h */; };
		C46AF8901BF1CEFD00D26C7B /* JHChangePasswordViewController.m in Sources */ = {isa = PBXBuildFile; fileRef = C46AF8771BF1CEFD00D26C7B /* JHChangePasswordViewController.m */; };
		C46AF8911BF1CEFD00D26C7B /* JHChangePasswordViewController.xib in Resources */ = {isa = PBXBuildFile; fileRef = C46AF8781BF1CEFD00D26C7B /* JHChangePasswordViewController.xib */; };
		C46AF8931BF1CEFD00D26C7B /* JHForgetPasswordViewController.xib in Resources */ = {isa = PBXBuildFile; fileRef = C46AF87B1BF1CEFD00D26C7B /* JHForgetPasswordViewController.xib */; };
		C46AF8941BF1CEFD00D26C7B /* JHLoginViewController.m in Sources */ = {isa = PBXBuildFile; fileRef = C46AF87D1BF1CEFD00D26C7B /* JHLoginViewController.m */; };
		C46AF8951BF1CEFD00D26C7B /* JHLoginViewController.xib in Resources */ = {isa = PBXBuildFile; fileRef = C46AF87E1BF1CEFD00D26C7B /* JHLoginViewController.xib */; };
		C46AF8961BF1CEFD00D26C7B /* JHRegisterViewController.m in Sources */ = {isa = PBXBuildFile; fileRef = C46AF8801BF1CEFD00D26C7B /* JHRegisterViewController.m */; };
		C46AF8971BF1CEFD00D26C7B /* JHRegisterViewController.xib in Resources */ = {isa = PBXBuildFile; fileRef = C46AF8811BF1CEFD00D26C7B /* JHRegisterViewController.xib */; };
		C46AF8981BF1CEFD00D26C7B /* JHLoginViewController.storyboard in Resources */ = {isa = PBXBuildFile; fileRef = C46AF8841BF1CEFD00D26C7B /* JHLoginViewController.storyboard */; };
		C46B0B8B1C06F0E4008AAF99 /* JHSettingController.m in Sources */ = {isa = PBXBuildFile; fileRef = C46B0B8A1C06F0E4008AAF99 /* JHSettingController.m */; };
		C47B679E1C03F38C003BB8C8 /* JHHttpTool.m in Sources */ = {isa = PBXBuildFile; fileRef = C47B679D1C03F38C003BB8C8 /* JHHttpTool.m */; };
		C47B67A11C03F979003BB8C8 /* JHUtilTool.m in Sources */ = {isa = PBXBuildFile; fileRef = C47B67A01C03F979003BB8C8 /* JHUtilTool.m */; };
		C47B67C41C03FD80003BB8C8 /* MKAnnotationView+WebCache.m in Sources */ = {isa = PBXBuildFile; fileRef = C47B67A41C03FD80003BB8C8 /* MKAnnotationView+WebCache.m */; };
		C47B67C51C03FD80003BB8C8 /* NSData+ImageContentType.m in Sources */ = {isa = PBXBuildFile; fileRef = C47B67A61C03FD80003BB8C8 /* NSData+ImageContentType.m */; };
		C47B67C61C03FD80003BB8C8 /* SDImageCache.m in Sources */ = {isa = PBXBuildFile; fileRef = C47B67A81C03FD80003BB8C8 /* SDImageCache.m */; };
		C47B67C71C03FD80003BB8C8 /* SDWebImageCompat.m in Sources */ = {isa = PBXBuildFile; fileRef = C47B67AA1C03FD80003BB8C8 /* SDWebImageCompat.m */; };
		C47B67C81C03FD80003BB8C8 /* SDWebImageDecoder.m in Sources */ = {isa = PBXBuildFile; fileRef = C47B67AC1C03FD80003BB8C8 /* SDWebImageDecoder.m */; };
		C47B67C91C03FD80003BB8C8 /* SDWebImageDownloader.m in Sources */ = {isa = PBXBuildFile; fileRef = C47B67AE1C03FD80003BB8C8 /* SDWebImageDownloader.m */; };
		C47B67CA1C03FD80003BB8C8 /* SDWebImageDownloaderOperation.m in Sources */ = {isa = PBXBuildFile; fileRef = C47B67B01C03FD80003BB8C8 /* SDWebImageDownloaderOperation.m */; };
		C47B67CB1C03FD80003BB8C8 /* SDWebImageManager.m in Sources */ = {isa = PBXBuildFile; fileRef = C47B67B21C03FD80003BB8C8 /* SDWebImageManager.m */; };
		C47B67CC1C03FD80003BB8C8 /* SDWebImagePrefetcher.m in Sources */ = {isa = PBXBuildFile; fileRef = C47B67B51C03FD80003BB8C8 /* SDWebImagePrefetcher.m */; };
		C47B67CD1C03FD80003BB8C8 /* UIButton+WebCache.m in Sources */ = {isa = PBXBuildFile; fileRef = C47B67B71C03FD80003BB8C8 /* UIButton+WebCache.m */; };
		C47B67CE1C03FD80003BB8C8 /* UIImage+GIF.m in Sources */ = {isa = PBXBuildFile; fileRef = C47B67B91C03FD80003BB8C8 /* UIImage+GIF.m */; };
		C47B67CF1C03FD80003BB8C8 /* UIImage+MultiFormat.m in Sources */ = {isa = PBXBuildFile; fileRef = C47B67BB1C03FD80003BB8C8 /* UIImage+MultiFormat.m */; };
		C47B67D01C03FD80003BB8C8 /* UIImage+WebP.m in Sources */ = {isa = PBXBuildFile; fileRef = C47B67BD1C03FD80003BB8C8 /* UIImage+WebP.m */; };
		C47B67D11C03FD80003BB8C8 /* UIImageView+HighlightedWebCache.m in Sources */ = {isa = PBXBuildFile; fileRef = C47B67BF1C03FD80003BB8C8 /* UIImageView+HighlightedWebCache.m */; };
		C47B67D21C03FD80003BB8C8 /* UIImageView+WebCache.m in Sources */ = {isa = PBXBuildFile; fileRef = C47B67C11C03FD80003BB8C8 /* UIImageView+WebCache.m */; };
		C47B67D31C03FD80003BB8C8 /* UIView+WebCacheOperation.m in Sources */ = {isa = PBXBuildFile; fileRef = C47B67C31C03FD80003BB8C8 /* UIView+WebCacheOperation.m */; };
		C47B67D91C03FF44003BB8C8 /* LICENCE.txt in Resources */ = {isa = PBXBuildFile; fileRef = C47B67D51C03FF44003BB8C8 /* LICENCE.txt */; };
		C47B67DA1C03FF44003BB8C8 /* Reachability.m in Sources */ = {isa = PBXBuildFile; fileRef = C47B67D71C03FF44003BB8C8 /* Reachability.m */; };
		C47B67DB1C03FF44003BB8C8 /* README.md in Sources */ = {isa = PBXBuildFile; fileRef = C47B67D81C03FF44003BB8C8 /* README.md */; };
		C47B67E21C044DD9003BB8C8 /* Nav.m in Sources */ = {isa = PBXBuildFile; fileRef = C47B67DD1C044DD9003BB8C8 /* Nav.m */; };
		C47B67E31C044DD9003BB8C8 /* NavigationInteractiveTransition.m in Sources */ = {isa = PBXBuildFile; fileRef = C47B67DF1C044DD9003BB8C8 /* NavigationInteractiveTransition.m */; };
		C47B67E41C044DD9003BB8C8 /* PopAnimation.m in Sources */ = {isa = PBXBuildFile; fileRef = C47B67E11C044DD9003BB8C8 /* PopAnimation.m */; };
		C47B67EA1C045F7D003BB8C8 /* JHClassificationController.m in Sources */ = {isa = PBXBuildFile; fileRef = C47B67E91C045F7D003BB8C8 /* JHClassificationController.m */; };
		C47B67ED1C0460AE003BB8C8 /* JHTabBar.m in Sources */ = {isa = PBXBuildFile; fileRef = C47B67EC1C0460AE003BB8C8 /* JHTabBar.m */; };
		C47B67F01C0460D6003BB8C8 /* JHTabBarButton.m in Sources */ = {isa = PBXBuildFile; fileRef = C47B67EF1C0460D6003BB8C8 /* JHTabBarButton.m */; };
		C47B67F41C0466FB003BB8C8 /* JHMyController.m in Sources */ = {isa = PBXBuildFile; fileRef = C47B67F21C0466FB003BB8C8 /* JHMyController.m */; };
		C47B67F51C0466FB003BB8C8 /* JHMyController.xib in Resources */ = {isa = PBXBuildFile; fileRef = C47B67F31C0466FB003BB8C8 /* JHMyController.xib */; };
		C47B68011C047258003BB8C8 /* JHHomeController.m in Sources */ = {isa = PBXBuildFile; fileRef = C47B68001C047258003BB8C8 /* JHHomeController.m */; };
		C47B68041C047B83003BB8C8 /* UIImage+DK.m in Sources */ = {isa = PBXBuildFile; fileRef = C47B68031C047B83003BB8C8 /* UIImage+DK.m */; };
		C49A4D7F1C059E4700C55834 /* JHAccountViewController.m in Sources */ = {isa = PBXBuildFile; fileRef = C49A4D7D1C059E4700C55834 /* JHAccountViewController.m */; };
		C49A4D801C059E4700C55834 /* JHAccountViewController.xib in Resources */ = {isa = PBXBuildFile; fileRef = C49A4D7E1C059E4700C55834 /* JHAccountViewController.xib */; };
		C49A4D841C059E9600C55834 /* JHAdviceViewController.m in Sources */ = {isa = PBXBuildFile; fileRef = C49A4D821C059E9600C55834 /* JHAdviceViewController.m */; };
		C49A4D851C059E9600C55834 /* JHAdviceViewController.xib in Resources */ = {isa = PBXBuildFile; fileRef = C49A4D831C059E9600C55834 /* JHAdviceViewController.xib */; };
		C49A4D881C059EC800C55834 /* JHUpdateViewController.m in Sources */ = {isa = PBXBuildFile; fileRef = C49A4D871C059EC800C55834 /* JHUpdateViewController.m */; };
		C49A4D8B1C059EF200C55834 /* JHAboutViewController.m in Sources */ = {isa = PBXBuildFile; fileRef = C49A4D8A1C059EF200C55834 /* JHAboutViewController.m */; };
		C49A4D8F1C059F1600C55834 /* JHInviteViewController.m in Sources */ = {isa = PBXBuildFile; fileRef = C49A4D8D1C059F1600C55834 /* JHInviteViewController.m */; };
		C49A4D901C059F1600C55834 /* JHInviteViewController.xib in Resources */ = {isa = PBXBuildFile; fileRef = C49A4D8E1C059F1600C55834 /* JHInviteViewController.xib */; };
		C4E70CF81C0DB73100131144 /* JHSellingVC.m in Sources */ = {isa = PBXBuildFile; fileRef = C4E70CF71C0DB73100131144 /* JHSellingVC.m */; };
		C4E70CFB1C0DB73E00131144 /* JHWalletVC.m in Sources */ = {isa = PBXBuildFile; fileRef = C4E70CFA1C0DB73E00131144 /* JHWalletVC.m */; };
		C4F0DD761BE84BC70051A24A /* JHHomeTitleButton.m in Sources */ = {isa = PBXBuildFile; fileRef = C4F0DD751BE84BC70051A24A /* JHHomeTitleButton.m */; };
		C4F1DD4E1BEAF1820041984A /* MyMD5.m in Sources */ = {isa = PBXBuildFile; fileRef = C4F1DD4D1BEAF1820041984A /* MyMD5.m */; };
		C4F1DD731BEAF2D50041984A /* .gitignore in Resources */ = {isa = PBXBuildFile; fileRef = C4F1DD501BEAF2D50041984A /* .gitignore */; };
		C4F1DD741BEAF2D50041984A /* AESCrypt.m in Sources */ = {isa = PBXBuildFile; fileRef = C4F1DD521BEAF2D50041984A /* AESCrypt.m */; };
		C4F1DD751BEAF2D50041984A /* LICENSE in Resources */ = {isa = PBXBuildFile; fileRef = C4F1DD531BEAF2D50041984A /* LICENSE */; };
		C4F1DD761BEAF2D50041984A /* NSData+Base64.m in Sources */ = {isa = PBXBuildFile; fileRef = C4F1DD551BEAF2D50041984A /* NSData+Base64.m */; };
		C4F1DD771BEAF2D50041984A /* NSData+CommonCrypto.m in Sources */ = {isa = PBXBuildFile; fileRef = C4F1DD571BEAF2D50041984A /* NSData+CommonCrypto.m */; };
		C4F1DD781BEAF2D50041984A /* NSString+Base64.m in Sources */ = {isa = PBXBuildFile; fileRef = C4F1DD591BEAF2D50041984A /* NSString+Base64.m */; };
		C4F1DD791BEAF2D50041984A /* README.md in Sources */ = {isa = PBXBuildFile; fileRef = C4F1DD5A1BEAF2D50041984A /* README.md */; };
		C4F1DD7A1BEAF2D50041984A /* AFHTTPRequestOperation.m in Sources */ = {isa = PBXBuildFile; fileRef = C4F1DD5D1BEAF2D50041984A /* AFHTTPRequestOperation.m */; };
		C4F1DD7B1BEAF2D50041984A /* AFHTTPRequestOperationManager.m in Sources */ = {isa = PBXBuildFile; fileRef = C4F1DD5F1BEAF2D50041984A /* AFHTTPRequestOperationManager.m */; };
		C4F1DD7C1BEAF2D50041984A /* AFHTTPSessionManager.m in Sources */ = {isa = PBXBuildFile; fileRef = C4F1DD611BEAF2D50041984A /* AFHTTPSessionManager.m */; };
		C4F1DD7D1BEAF2D50041984A /* AFNetworkActivityIndicatorManager.m in Sources */ = {isa = PBXBuildFile; fileRef = C4F1DD631BEAF2D50041984A /* AFNetworkActivityIndicatorManager.m */; };
		C4F1DD7E1BEAF2D50041984A /* AFNetworkReachabilityManager.m in Sources */ = {isa = PBXBuildFile; fileRef = C4F1DD661BEAF2D50041984A /* AFNetworkReachabilityManager.m */; };
		C4F1DD7F1BEAF2D50041984A /* AFSecurityPolicy.m in Sources */ = {isa = PBXBuildFile; fileRef = C4F1DD681BEAF2D50041984A /* AFSecurityPolicy.m */; };
		C4F1DD801BEAF2D50041984A /* AFURLConnectionOperation.m in Sources */ = {isa = PBXBuildFile; fileRef = C4F1DD6A1BEAF2D50041984A /* AFURLConnectionOperation.m */; };
		C4F1DD811BEAF2D50041984A /* AFURLRequestSerialization.m in Sources */ = {isa = PBXBuildFile; fileRef = C4F1DD6C1BEAF2D50041984A /* AFURLRequestSerialization.m */; };
		C4F1DD821BEAF2D50041984A /* AFURLResponseSerialization.m in Sources */ = {isa = PBXBuildFile; fileRef = C4F1DD6E1BEAF2D50041984A /* AFURLResponseSerialization.m */; };
		C4F1DD831BEAF2D50041984A /* AFURLSessionManager.m in Sources */ = {isa = PBXBuildFile; fileRef = C4F1DD701BEAF2D50041984A /* AFURLSessionManager.m */; };
		C4F1DD841BEAF2D50041984A /* UIActivityIndicatorView+AFNetworking.m in Sources */ = {isa = PBXBuildFile; fileRef = C4F1DD721BEAF2D50041984A /* UIActivityIndicatorView+AFNetworking.m */; };
		C4F1DD8E1BEAF4130041984A /* Foundation.framework in Frameworks */ = {isa = PBXBuildFile; fileRef = C4F1DD8D1BEAF4130041984A /* Foundation.framework */; };
		C4FC11EA1BEDE10F00E84F17 /* LGAlertView.m in Sources */ = {isa = PBXBuildFile; fileRef = C4FC11E41BEDE10F00E84F17 /* LGAlertView.m */; };
		C4FC11EB1BEDE10F00E84F17 /* LGAlertViewCell.m in Sources */ = {isa = PBXBuildFile; fileRef = C4FC11E61BEDE10F00E84F17 /* LGAlertViewCell.m */; };
		C4FC11EC1BEDE10F00E84F17 /* LGAlertViewTextField.m in Sources */ = {isa = PBXBuildFile; fileRef = C4FC11E91BEDE10F00E84F17 /* LGAlertViewTextField.m */; };
/* End PBXBuildFile section */

/* Begin PBXContainerItemProxy section */
		C40890F11BDA21E300F090B1 /* PBXContainerItemProxy */ = {
			isa = PBXContainerItemProxy;
			containerPortal = C40890CF1BDA21E300F090B1 /* Project object */;
			proxyType = 1;
			remoteGlobalIDString = C40890D61BDA21E300F090B1;
			remoteInfo = JvHua;
		};
/* End PBXContainerItemProxy section */

/* Begin PBXFileReference section */
		C40890D71BDA21E300F090B1 /* JvHua.app */ = {isa = PBXFileReference; explicitFileType = wrapper.application; includeInIndex = 0; path = JvHua.app; sourceTree = BUILT_PRODUCTS_DIR; };
		C40890DB1BDA21E300F090B1 /* Info.plist */ = {isa = PBXFileReference; lastKnownFileType = text.plist.xml; path = Info.plist; sourceTree = "<group>"; };
		C40890DC1BDA21E300F090B1 /* main.m */ = {isa = PBXFileReference; lastKnownFileType = sourcecode.c.objc; path = main.m; sourceTree = "<group>"; };
		C40890DE1BDA21E300F090B1 /* AppDelegate.h */ = {isa = PBXFileReference; lastKnownFileType = sourcecode.c.h; path = AppDelegate.h; sourceTree = "<group>"; };
		C40890DF1BDA21E300F090B1 /* AppDelegate.m */ = {isa = PBXFileReference; lastKnownFileType = sourcecode.c.objc; path = AppDelegate.m; sourceTree = "<group>"; };
		C40890E71BDA21E300F090B1 /* Images.xcassets */ = {isa = PBXFileReference; lastKnownFileType = folder.assetcatalog; path = Images.xcassets; sourceTree = "<group>"; };
		C40890EA1BDA21E300F090B1 /* Base */ = {isa = PBXFileReference; lastKnownFileType = file.xib; name = Base; path = Base.lproj/LaunchScreen.xib; sourceTree = "<group>"; };
		C40890F01BDA21E300F090B1 /* JvHuaTests.xctest */ = {isa = PBXFileReference; explicitFileType = wrapper.cfbundle; includeInIndex = 0; path = JvHuaTests.xctest; sourceTree = BUILT_PRODUCTS_DIR; };
		C40890F51BDA21E300F090B1 /* Info.plist */ = {isa = PBXFileReference; lastKnownFileType = text.plist.xml; path = Info.plist; sourceTree = "<group>"; };
		C40890F61BDA21E300F090B1 /* JvHuaTests.m */ = {isa = PBXFileReference; lastKnownFileType = sourcecode.c.objc; path = JvHuaTests.m; sourceTree = "<group>"; };
		C40891151BDA230D00F090B1 /* JHNewFeatureViewController.h */ = {isa = PBXFileReference; fileEncoding = 4; lastKnownFileType = sourcecode.c.h; path = JHNewFeatureViewController.h; sourceTree = "<group>"; };
		C40891161BDA230D00F090B1 /* JHNewFeatureViewController.m */ = {isa = PBXFileReference; fileEncoding = 4; lastKnownFileType = sourcecode.c.objc; path = JHNewFeatureViewController.m; sourceTree = "<group>"; };
		C408911B1BDA230D00F090B1 /* UIBarButtonItem+Extension.h */ = {isa = PBXFileReference; fileEncoding = 4; lastKnownFileType = sourcecode.c.h; path = "UIBarButtonItem+Extension.h"; sourceTree = "<group>"; };
		C408911C1BDA230D00F090B1 /* UIBarButtonItem+Extension.m */ = {isa = PBXFileReference; fileEncoding = 4; lastKnownFileType = sourcecode.c.objc; path = "UIBarButtonItem+Extension.m"; sourceTree = "<group>"; };
		C408911D1BDA230D00F090B1 /* UIView+extension.h */ = {isa = PBXFileReference; fileEncoding = 4; lastKnownFileType = sourcecode.c.h; path = "UIView+extension.h"; sourceTree = "<group>"; };
		C408911E1BDA230D00F090B1 /* UIView+extension.m */ = {isa = PBXFileReference; fileEncoding = 4; lastKnownFileType = sourcecode.c.objc; path = "UIView+extension.m"; sourceTree = "<group>"; };
		C40891201BDA230D00F090B1 /* JHNavigationController.h */ = {isa = PBXFileReference; fileEncoding = 4; lastKnownFileType = sourcecode.c.h; path = JHNavigationController.h; sourceTree = "<group>"; };
		C40891211BDA230D00F090B1 /* JHNavigationController.m */ = {isa = PBXFileReference; fileEncoding = 4; lastKnownFileType = sourcecode.c.objc; path = JHNavigationController.m; sourceTree = "<group>"; };
		C40891221BDA230D00F090B1 /* JHTabBarController.h */ = {isa = PBXFileReference; fileEncoding = 4; lastKnownFileType = sourcecode.c.h; path = JHTabBarController.h; sourceTree = "<group>"; };
		C40891231BDA230D00F090B1 /* JHTabBarController.m */ = {isa = PBXFileReference; fileEncoding = 4; lastKnownFileType = sourcecode.c.objc; path = JHTabBarController.m; sourceTree = "<group>"; };
		C408912C1BDA230D00F090B1 /* JHTemp2Controller.h */ = {isa = PBXFileReference; fileEncoding = 4; lastKnownFileType = sourcecode.c.h; path = JHTemp2Controller.h; sourceTree = "<group>"; };
		C408912D1BDA230D00F090B1 /* JHTemp2Controller.m */ = {isa = PBXFileReference; fileEncoding = 4; lastKnownFileType = sourcecode.c.objc; path = JHTemp2Controller.m; sourceTree = "<group>"; };
		C408913D1BDA237500F090B1 /* JvHua.pch */ = {isa = PBXFileReference; fileEncoding = 4; lastKnownFileType = sourcecode.c.h; path = JvHua.pch; sourceTree = "<group>"; };
		C40891431BDB2F0D00F090B1 /* JHUtils.h */ = {isa = PBXFileReference; fileEncoding = 4; lastKnownFileType = sourcecode.c.h; path = JHUtils.h; sourceTree = "<group>"; };
		C40891441BDB2F0D00F090B1 /* JHUtils.m */ = {isa = PBXFileReference; fileEncoding = 4; lastKnownFileType = sourcecode.c.objc; path = JHUtils.m; sourceTree = "<group>"; };
		C45280501C08338200245653 /* JHBaseSettingController.h */ = {isa = PBXFileReference; fileEncoding = 4; lastKnownFileType = sourcecode.c.h; path = JHBaseSettingController.h; sourceTree = "<group>"; };
		C45280511C08338200245653 /* JHBaseSettingController.m */ = {isa = PBXFileReference; fileEncoding = 4; lastKnownFileType = sourcecode.c.objc; path = JHBaseSettingController.m; sourceTree = "<group>"; };
		C45280531C08350400245653 /* JHGroup.h */ = {isa = PBXFileReference; fileEncoding = 4; lastKnownFileType = sourcecode.c.h; path = JHGroup.h; sourceTree = "<group>"; };
		C45280541C08350400245653 /* JHGroup.m */ = {isa = PBXFileReference; fileEncoding = 4; lastKnownFileType = sourcecode.c.objc; path = JHGroup.m; sourceTree = "<group>"; };
		C45280561C08355300245653 /* JHItem.h */ = {isa = PBXFileReference; fileEncoding = 4; lastKnownFileType = sourcecode.c.h; path = JHItem.h; sourceTree = "<group>"; };
		C45280571C08355300245653 /* JHItem.m */ = {isa = PBXFileReference; fileEncoding = 4; lastKnownFileType = sourcecode.c.objc; path = JHItem.m; sourceTree = "<group>"; };
		C45280591C0835F700245653 /* JHItemArrow.h */ = {isa = PBXFileReference; fileEncoding = 4; lastKnownFileType = sourcecode.c.h; path = JHItemArrow.h; sourceTree = "<group>"; };
		C452805A1C0835F700245653 /* JHItemArrow.m */ = {isa = PBXFileReference; fileEncoding = 4; lastKnownFileType = sourcecode.c.objc; path = JHItemArrow.m; sourceTree = "<group>"; };
		C452805C1C08365500245653 /* JHItemSwitch.h */ = {isa = PBXFileReference; fileEncoding = 4; lastKnownFileType = sourcecode.c.h; path = JHItemSwitch.h; sourceTree = "<group>"; };
		C452805D1C08365500245653 /* JHItemSwitch.m */ = {isa = PBXFileReference; fileEncoding = 4; lastKnownFileType = sourcecode.c.objc; path = JHItemSwitch.m; sourceTree = "<group>"; };
		C45280621C08400A00245653 /* JHSettingItemCell.h */ = {isa = PBXFileReference; fileEncoding = 4; lastKnownFileType = sourcecode.c.h; path = JHSettingItemCell.h; sourceTree = "<group>"; };
		C45280631C08400A00245653 /* JHSettingItemCell.m */ = {isa = PBXFileReference; fileEncoding = 4; lastKnownFileType = sourcecode.c.objc; path = JHSettingItemCell.m; sourceTree = "<group>"; };
		C45280651C08428800245653 /* JHItemLabel.h */ = {isa = PBXFileReference; fileEncoding = 4; lastKnownFileType = sourcecode.c.h; path = JHItemLabel.h; sourceTree = "<group>"; };
		C45280661C08428800245653 /* JHItemLabel.m */ = {isa = PBXFileReference; fileEncoding = 4; lastKnownFileType = sourcecode.c.objc; path = JHItemLabel.m; sourceTree = "<group>"; };
		C45280681C085BE900245653 /* JHComposeView.h */ = {isa = PBXFileReference; fileEncoding = 4; lastKnownFileType = sourcecode.c.h; path = JHComposeView.h; sourceTree = "<group>"; };
		C45280691C085BE900245653 /* JHComposeView.m */ = {isa = PBXFileReference; fileEncoding = 4; lastKnownFileType = sourcecode.c.objc; path = JHComposeView.m; sourceTree = "<group>"; };
		C45791991BEB75E4009C297C /* MBProgressHUD+MJ.h */ = {isa = PBXFileReference; fileEncoding = 4; lastKnownFileType = sourcecode.c.h; path = "MBProgressHUD+MJ.h"; sourceTree = "<group>"; };
		C457919A1BEB75E4009C297C /* MBProgressHUD+MJ.m */ = {isa = PBXFileReference; fileEncoding = 4; lastKnownFileType = sourcecode.c.objc; path = "MBProgressHUD+MJ.m"; sourceTree = "<group>"; };
		C457919B1BEB75E4009C297C /* MBProgressHUD.bundle */ = {isa = PBXFileReference; lastKnownFileType = "wrapper.plug-in"; path = MBProgressHUD.bundle; sourceTree = "<group>"; };
		C457919C1BEB75E4009C297C /* MBProgressHUD.h */ = {isa = PBXFileReference; fileEncoding = 4; lastKnownFileType = sourcecode.c.h; path = MBProgressHUD.h; sourceTree = "<group>"; };
		C457919D1BEB75E4009C297C /* MBProgressHUD.m */ = {isa = PBXFileReference; fileEncoding = 4; lastKnownFileType = sourcecode.c.objc; path = MBProgressHUD.m; sourceTree = "<group>"; };
		C45791A31BEB8129009C297C /* OZHNetWork.h */ = {isa = PBXFileReference; fileEncoding = 4; lastKnownFileType = sourcecode.c.h; path = OZHNetWork.h; sourceTree = "<group>"; };
		C45791A41BEB8129009C297C /* OZHNetWork.m */ = {isa = PBXFileReference; fileEncoding = 4; lastKnownFileType = sourcecode.c.objc; path = OZHNetWork.m; sourceTree = "<group>"; };
		C45791A61BEB8243009C297C /* Interface.h */ = {isa = PBXFileReference; fileEncoding = 4; lastKnownFileType = sourcecode.c.h; path = Interface.h; sourceTree = "<group>"; };
		C46AF8761BF1CEFD00D26C7B /* JHChangePasswordViewController.h */ = {isa = PBXFileReference; fileEncoding = 4; lastKnownFileType = sourcecode.c.h; path = JHChangePasswordViewController.h; sourceTree = "<group>"; };
		C46AF8771BF1CEFD00D26C7B /* JHChangePasswordViewController.m */ = {isa = PBXFileReference; fileEncoding = 4; lastKnownFileType = sourcecode.c.objc; path = JHChangePasswordViewController.m; sourceTree = "<group>"; };
		C46AF8781BF1CEFD00D26C7B /* JHChangePasswordViewController.xib */ = {isa = PBXFileReference; fileEncoding = 4; lastKnownFileType = file.xib; path = JHChangePasswordViewController.xib; sourceTree = "<group>"; };
		C46AF8791BF1CEFD00D26C7B /* JHForgetPasswordViewController.h */ = {isa = PBXFileReference; fileEncoding = 4; lastKnownFileType = sourcecode.c.h; path = JHForgetPasswordViewController.h; sourceTree = "<group>"; };
		C46AF87A1BF1CEFD00D26C7B /* JHForgetPasswordViewController.m */ = {isa = PBXFileReference; fileEncoding = 4; lastKnownFileType = sourcecode.c.objc; path = JHForgetPasswordViewController.m; sourceTree = "<group>"; };
		C46AF87B1BF1CEFD00D26C7B /* JHForgetPasswordViewController.xib */ = {isa = PBXFileReference; fileEncoding = 4; lastKnownFileType = file.xib; path = JHForgetPasswordViewController.xib; sourceTree = "<group>"; };
		C46AF87C1BF1CEFD00D26C7B /* JHLoginViewController.h */ = {isa = PBXFileReference; fileEncoding = 4; lastKnownFileType = sourcecode.c.h; path = JHLoginViewController.h; sourceTree = "<group>"; };
		C46AF87D1BF1CEFD00D26C7B /* JHLoginViewController.m */ = {isa = PBXFileReference; fileEncoding = 4; lastKnownFileType = sourcecode.c.objc; path = JHLoginViewController.m; sourceTree = "<group>"; };
		C46AF87E1BF1CEFD00D26C7B /* JHLoginViewController.xib */ = {isa = PBXFileReference; fileEncoding = 4; lastKnownFileType = file.xib; path = JHLoginViewController.xib; sourceTree = "<group>"; };
		C46AF87F1BF1CEFD00D26C7B /* JHRegisterViewController.h */ = {isa = PBXFileReference; fileEncoding = 4; lastKnownFileType = sourcecode.c.h; path = JHRegisterViewController.h; sourceTree = "<group>"; };
		C46AF8801BF1CEFD00D26C7B /* JHRegisterViewController.m */ = {isa = PBXFileReference; fileEncoding = 4; lastKnownFileType = sourcecode.c.objc; path = JHRegisterViewController.m; sourceTree = "<group>"; };
		C46AF8811BF1CEFD00D26C7B /* JHRegisterViewController.xib */ = {isa = PBXFileReference; fileEncoding = 4; lastKnownFileType = file.xib; path = JHRegisterViewController.xib; sourceTree = "<group>"; };
		C46AF8841BF1CEFD00D26C7B /* JHLoginViewController.storyboard */ = {isa = PBXFileReference; fileEncoding = 4; lastKnownFileType = file.storyboard; path = JHLoginViewController.storyboard; sourceTree = "<group>"; };
		C46B0B891C06F0E4008AAF99 /* JHSettingController.h */ = {isa = PBXFileReference; fileEncoding = 4; lastKnownFileType = sourcecode.c.h; path = JHSettingController.h; sourceTree = "<group>"; };
		C46B0B8A1C06F0E4008AAF99 /* JHSettingController.m */ = {isa = PBXFileReference; fileEncoding = 4; lastKnownFileType = sourcecode.c.objc; path = JHSettingController.m; sourceTree = "<group>"; };
		C47B679C1C03F38C003BB8C8 /* JHHttpTool.h */ = {isa = PBXFileReference; fileEncoding = 4; lastKnownFileType = sourcecode.c.h; path = JHHttpTool.h; sourceTree = "<group>"; };
		C47B679D1C03F38C003BB8C8 /* JHHttpTool.m */ = {isa = PBXFileReference; fileEncoding = 4; lastKnownFileType = sourcecode.c.objc; path = JHHttpTool.m; sourceTree = "<group>"; };
		C47B679F1C03F979003BB8C8 /* JHUtilTool.h */ = {isa = PBXFileReference; fileEncoding = 4; lastKnownFileType = sourcecode.c.h; path = JHUtilTool.h; sourceTree = "<group>"; };
		C47B67A01C03F979003BB8C8 /* JHUtilTool.m */ = {isa = PBXFileReference; fileEncoding = 4; lastKnownFileType = sourcecode.c.objc; path = JHUtilTool.m; sourceTree = "<group>"; };
		C47B67A31C03FD80003BB8C8 /* MKAnnotationView+WebCache.h */ = {isa = PBXFileReference; fileEncoding = 4; lastKnownFileType = sourcecode.c.h; path = "MKAnnotationView+WebCache.h"; sourceTree = "<group>"; };
		C47B67A41C03FD80003BB8C8 /* MKAnnotationView+WebCache.m */ = {isa = PBXFileReference; fileEncoding = 4; lastKnownFileType = sourcecode.c.objc; path = "MKAnnotationView+WebCache.m"; sourceTree = "<group>"; };
		C47B67A51C03FD80003BB8C8 /* NSData+ImageContentType.h */ = {isa = PBXFileReference; fileEncoding = 4; lastKnownFileType = sourcecode.c.h; path = "NSData+ImageContentType.h"; sourceTree = "<group>"; };
		C47B67A61C03FD80003BB8C8 /* NSData+ImageContentType.m */ = {isa = PBXFileReference; fileEncoding = 4; lastKnownFileType = sourcecode.c.objc; path = "NSData+ImageContentType.m"; sourceTree = "<group>"; };
		C47B67A71C03FD80003BB8C8 /* SDImageCache.h */ = {isa = PBXFileReference; fileEncoding = 4; lastKnownFileType = sourcecode.c.h; path = SDImageCache.h; sourceTree = "<group>"; };
		C47B67A81C03FD80003BB8C8 /* SDImageCache.m */ = {isa = PBXFileReference; fileEncoding = 4; lastKnownFileType = sourcecode.c.objc; path = SDImageCache.m; sourceTree = "<group>"; };
		C47B67A91C03FD80003BB8C8 /* SDWebImageCompat.h */ = {isa = PBXFileReference; fileEncoding = 4; lastKnownFileType = sourcecode.c.h; path = SDWebImageCompat.h; sourceTree = "<group>"; };
		C47B67AA1C03FD80003BB8C8 /* SDWebImageCompat.m */ = {isa = PBXFileReference; fileEncoding = 4; lastKnownFileType = sourcecode.c.objc; path = SDWebImageCompat.m; sourceTree = "<group>"; };
		C47B67AB1C03FD80003BB8C8 /* SDWebImageDecoder.h */ = {isa = PBXFileReference; fileEncoding = 4; lastKnownFileType = sourcecode.c.h; path = SDWebImageDecoder.h; sourceTree = "<group>"; };
		C47B67AC1C03FD80003BB8C8 /* SDWebImageDecoder.m */ = {isa = PBXFileReference; fileEncoding = 4; lastKnownFileType = sourcecode.c.objc; path = SDWebImageDecoder.m; sourceTree = "<group>"; };
		C47B67AD1C03FD80003BB8C8 /* SDWebImageDownloader.h */ = {isa = PBXFileReference; fileEncoding = 4; lastKnownFileType = sourcecode.c.h; path = SDWebImageDownloader.h; sourceTree = "<group>"; };
		C47B67AE1C03FD80003BB8C8 /* SDWebImageDownloader.m */ = {isa = PBXFileReference; fileEncoding = 4; lastKnownFileType = sourcecode.c.objc; path = SDWebImageDownloader.m; sourceTree = "<group>"; };
		C47B67AF1C03FD80003BB8C8 /* SDWebImageDownloaderOperation.h */ = {isa = PBXFileReference; fileEncoding = 4; lastKnownFileType = sourcecode.c.h; path = SDWebImageDownloaderOperation.h; sourceTree = "<group>"; };
		C47B67B01C03FD80003BB8C8 /* SDWebImageDownloaderOperation.m */ = {isa = PBXFileReference; fileEncoding = 4; lastKnownFileType = sourcecode.c.objc; path = SDWebImageDownloaderOperation.m; sourceTree = "<group>"; };
		C47B67B11C03FD80003BB8C8 /* SDWebImageManager.h */ = {isa = PBXFileReference; fileEncoding = 4; lastKnownFileType = sourcecode.c.h; path = SDWebImageManager.h; sourceTree = "<group>"; };
		C47B67B21C03FD80003BB8C8 /* SDWebImageManager.m */ = {isa = PBXFileReference; fileEncoding = 4; lastKnownFileType = sourcecode.c.objc; path = SDWebImageManager.m; sourceTree = "<group>"; };
		C47B67B31C03FD80003BB8C8 /* SDWebImageOperation.h */ = {isa = PBXFileReference; fileEncoding = 4; lastKnownFileType = sourcecode.c.h; path = SDWebImageOperation.h; sourceTree = "<group>"; };
		C47B67B41C03FD80003BB8C8 /* SDWebImagePrefetcher.h */ = {isa = PBXFileReference; fileEncoding = 4; lastKnownFileType = sourcecode.c.h; path = SDWebImagePrefetcher.h; sourceTree = "<group>"; };
		C47B67B51C03FD80003BB8C8 /* SDWebImagePrefetcher.m */ = {isa = PBXFileReference; fileEncoding = 4; lastKnownFileType = sourcecode.c.objc; path = SDWebImagePrefetcher.m; sourceTree = "<group>"; };
		C47B67B61C03FD80003BB8C8 /* UIButton+WebCache.h */ = {isa = PBXFileReference; fileEncoding = 4; lastKnownFileType = sourcecode.c.h; path = "UIButton+WebCache.h"; sourceTree = "<group>"; };
		C47B67B71C03FD80003BB8C8 /* UIButton+WebCache.m */ = {isa = PBXFileReference; fileEncoding = 4; lastKnownFileType = sourcecode.c.objc; path = "UIButton+WebCache.m"; sourceTree = "<group>"; };
		C47B67B81C03FD80003BB8C8 /* UIImage+GIF.h */ = {isa = PBXFileReference; fileEncoding = 4; lastKnownFileType = sourcecode.c.h; path = "UIImage+GIF.h"; sourceTree = "<group>"; };
		C47B67B91C03FD80003BB8C8 /* UIImage+GIF.m */ = {isa = PBXFileReference; fileEncoding = 4; lastKnownFileType = sourcecode.c.objc; path = "UIImage+GIF.m"; sourceTree = "<group>"; };
		C47B67BA1C03FD80003BB8C8 /* UIImage+MultiFormat.h */ = {isa = PBXFileReference; fileEncoding = 4; lastKnownFileType = sourcecode.c.h; path = "UIImage+MultiFormat.h"; sourceTree = "<group>"; };
		C47B67BB1C03FD80003BB8C8 /* UIImage+MultiFormat.m */ = {isa = PBXFileReference; fileEncoding = 4; lastKnownFileType = sourcecode.c.objc; path = "UIImage+MultiFormat.m"; sourceTree = "<group>"; };
		C47B67BC1C03FD80003BB8C8 /* UIImage+WebP.h */ = {isa = PBXFileReference; fileEncoding = 4; lastKnownFileType = sourcecode.c.h; path = "UIImage+WebP.h"; sourceTree = "<group>"; };
		C47B67BD1C03FD80003BB8C8 /* UIImage+WebP.m */ = {isa = PBXFileReference; fileEncoding = 4; lastKnownFileType = sourcecode.c.objc; path = "UIImage+WebP.m"; sourceTree = "<group>"; };
		C47B67BE1C03FD80003BB8C8 /* UIImageView+HighlightedWebCache.h */ = {isa = PBXFileReference; fileEncoding = 4; lastKnownFileType = sourcecode.c.h; path = "UIImageView+HighlightedWebCache.h"; sourceTree = "<group>"; };
		C47B67BF1C03FD80003BB8C8 /* UIImageView+HighlightedWebCache.m */ = {isa = PBXFileReference; fileEncoding = 4; lastKnownFileType = sourcecode.c.objc; path = "UIImageView+HighlightedWebCache.m"; sourceTree = "<group>"; };
		C47B67C01C03FD80003BB8C8 /* UIImageView+WebCache.h */ = {isa = PBXFileReference; fileEncoding = 4; lastKnownFileType = sourcecode.c.h; path = "UIImageView+WebCache.h"; sourceTree = "<group>"; };
		C47B67C11C03FD80003BB8C8 /* UIImageView+WebCache.m */ = {isa = PBXFileReference; fileEncoding = 4; lastKnownFileType = sourcecode.c.objc; path = "UIImageView+WebCache.m"; sourceTree = "<group>"; };
		C47B67C21C03FD80003BB8C8 /* UIView+WebCacheOperation.h */ = {isa = PBXFileReference; fileEncoding = 4; lastKnownFileType = sourcecode.c.h; path = "UIView+WebCacheOperation.h"; sourceTree = "<group>"; };
		C47B67C31C03FD80003BB8C8 /* UIView+WebCacheOperation.m */ = {isa = PBXFileReference; fileEncoding = 4; lastKnownFileType = sourcecode.c.objc; path = "UIView+WebCacheOperation.m"; sourceTree = "<group>"; };
		C47B67D51C03FF44003BB8C8 /* LICENCE.txt */ = {isa = PBXFileReference; fileEncoding = 4; lastKnownFileType = text; path = LICENCE.txt; sourceTree = "<group>"; };
		C47B67D61C03FF44003BB8C8 /* Reachability.h */ = {isa = PBXFileReference; fileEncoding = 4; lastKnownFileType = sourcecode.c.h; path = Reachability.h; sourceTree = "<group>"; };
		C47B67D71C03FF44003BB8C8 /* Reachability.m */ = {isa = PBXFileReference; fileEncoding = 4; lastKnownFileType = sourcecode.c.objc; path = Reachability.m; sourceTree = "<group>"; };
		C47B67D81C03FF44003BB8C8 /* README.md */ = {isa = PBXFileReference; fileEncoding = 4; lastKnownFileType = net.daringfireball.markdown; path = README.md; sourceTree = "<group>"; };
		C47B67DC1C044DD9003BB8C8 /* Nav.h */ = {isa = PBXFileReference; fileEncoding = 4; lastKnownFileType = sourcecode.c.h; path = Nav.h; sourceTree = "<group>"; };
		C47B67DD1C044DD9003BB8C8 /* Nav.m */ = {isa = PBXFileReference; fileEncoding = 4; lastKnownFileType = sourcecode.c.objc; path = Nav.m; sourceTree = "<group>"; };
		C47B67DE1C044DD9003BB8C8 /* NavigationInteractiveTransition.h */ = {isa = PBXFileReference; fileEncoding = 4; lastKnownFileType = sourcecode.c.h; path = NavigationInteractiveTransition.h; sourceTree = "<group>"; };
		C47B67DF1C044DD9003BB8C8 /* NavigationInteractiveTransition.m */ = {isa = PBXFileReference; fileEncoding = 4; lastKnownFileType = sourcecode.c.objc; path = NavigationInteractiveTransition.m; sourceTree = "<group>"; };
		C47B67E01C044DD9003BB8C8 /* PopAnimation.h */ = {isa = PBXFileReference; fileEncoding = 4; lastKnownFileType = sourcecode.c.h; path = PopAnimation.h; sourceTree = "<group>"; };
		C47B67E11C044DD9003BB8C8 /* PopAnimation.m */ = {isa = PBXFileReference; fileEncoding = 4; lastKnownFileType = sourcecode.c.objc; path = PopAnimation.m; sourceTree = "<group>"; };
		C47B67E81C045F7D003BB8C8 /* JHClassificationController.h */ = {isa = PBXFileReference; fileEncoding = 4; lastKnownFileType = sourcecode.c.h; name = JHClassificationController.h; path = JvHua/Classes/Public/Controller/JHClassificationController.h; sourceTree = SOURCE_ROOT; };
		C47B67E91C045F7D003BB8C8 /* JHClassificationController.m */ = {isa = PBXFileReference; fileEncoding = 4; lastKnownFileType = sourcecode.c.objc; name = JHClassificationController.m; path = JvHua/Classes/Public/Controller/JHClassificationController.m; sourceTree = SOURCE_ROOT; };
		C47B67EB1C0460AE003BB8C8 /* JHTabBar.h */ = {isa = PBXFileReference; fileEncoding = 4; lastKnownFileType = sourcecode.c.h; name = JHTabBar.h; path = JvHua/Classes/Public/Controller/JHTabBar.h; sourceTree = SOURCE_ROOT; };
		C47B67EC1C0460AE003BB8C8 /* JHTabBar.m */ = {isa = PBXFileReference; fileEncoding = 4; lastKnownFileType = sourcecode.c.objc; name = JHTabBar.m; path = JvHua/Classes/Public/Controller/JHTabBar.m; sourceTree = SOURCE_ROOT; };
		C47B67EE1C0460D6003BB8C8 /* JHTabBarButton.h */ = {isa = PBXFileReference; fileEncoding = 4; lastKnownFileType = sourcecode.c.h; name = JHTabBarButton.h; path = JvHua/Classes/Public/Controller/JHTabBarButton.h; sourceTree = SOURCE_ROOT; };
		C47B67EF1C0460D6003BB8C8 /* JHTabBarButton.m */ = {isa = PBXFileReference; fileEncoding = 4; lastKnownFileType = sourcecode.c.objc; name = JHTabBarButton.m; path = JvHua/Classes/Public/Controller/JHTabBarButton.m; sourceTree = SOURCE_ROOT; };
		C47B67F11C0466FB003BB8C8 /* JHMyController.h */ = {isa = PBXFileReference; fileEncoding = 4; lastKnownFileType = sourcecode.c.h; name = JHMyController.h; path = JvHua/Classes/Public/Controller/JHMyController.h; sourceTree = SOURCE_ROOT; };
		C47B67F21C0466FB003BB8C8 /* JHMyController.m */ = {isa = PBXFileReference; fileEncoding = 4; lastKnownFileType = sourcecode.c.objc; name = JHMyController.m; path = JvHua/Classes/Public/Controller/JHMyController.m; sourceTree = SOURCE_ROOT; };
		C47B67F31C0466FB003BB8C8 /* JHMyController.xib */ = {isa = PBXFileReference; fileEncoding = 4; lastKnownFileType = file.xib; name = JHMyController.xib; path = JvHua/Classes/Public/Controller/JHMyController.xib; sourceTree = SOURCE_ROOT; };
		C47B67FF1C047258003BB8C8 /* JHHomeController.h */ = {isa = PBXFileReference; fileEncoding = 4; lastKnownFileType = sourcecode.c.h; path = JHHomeController.h; sourceTree = "<group>"; };
		C47B68001C047258003BB8C8 /* JHHomeController.m */ = {isa = PBXFileReference; fileEncoding = 4; lastKnownFileType = sourcecode.c.objc; path = JHHomeController.m; sourceTree = "<group>"; };
		C47B68021C047B83003BB8C8 /* UIImage+DK.h */ = {isa = PBXFileReference; fileEncoding = 4; lastKnownFileType = sourcecode.c.h; path = "UIImage+DK.h"; sourceTree = "<group>"; };
		C47B68031C047B83003BB8C8 /* UIImage+DK.m */ = {isa = PBXFileReference; fileEncoding = 4; lastKnownFileType = sourcecode.c.objc; path = "UIImage+DK.m"; sourceTree = "<group>"; };
		C49A4D7C1C059E4700C55834 /* JHAccountViewController.h */ = {isa = PBXFileReference; fileEncoding = 4; lastKnownFileType = sourcecode.c.h; path = JHAccountViewController.h; sourceTree = "<group>"; };
		C49A4D7D1C059E4700C55834 /* JHAccountViewController.m */ = {isa = PBXFileReference; fileEncoding = 4; lastKnownFileType = sourcecode.c.objc; path = JHAccountViewController.m; sourceTree = "<group>"; };
		C49A4D7E1C059E4700C55834 /* JHAccountViewController.xib */ = {isa = PBXFileReference; fileEncoding = 4; lastKnownFileType = file.xib; path = JHAccountViewController.xib; sourceTree = "<group>"; };
		C49A4D811C059E9600C55834 /* JHAdviceViewController.h */ = {isa = PBXFileReference; fileEncoding = 4; lastKnownFileType = sourcecode.c.h; path = JHAdviceViewController.h; sourceTree = "<group>"; };
		C49A4D821C059E9600C55834 /* JHAdviceViewController.m */ = {isa = PBXFileReference; fileEncoding = 4; lastKnownFileType = sourcecode.c.objc; path = JHAdviceViewController.m; sourceTree = "<group>"; };
		C49A4D831C059E9600C55834 /* JHAdviceViewController.xib */ = {isa = PBXFileReference; fileEncoding = 4; lastKnownFileType = file.xib; path = JHAdviceViewController.xib; sourceTree = "<group>"; };
		C49A4D861C059EC800C55834 /* JHUpdateViewController.h */ = {isa = PBXFileReference; fileEncoding = 4; lastKnownFileType = sourcecode.c.h; path = JHUpdateViewController.h; sourceTree = "<group>"; };
		C49A4D871C059EC800C55834 /* JHUpdateViewController.m */ = {isa = PBXFileReference; fileEncoding = 4; lastKnownFileType = sourcecode.c.objc; path = JHUpdateViewController.m; sourceTree = "<group>"; };
		C49A4D891C059EF200C55834 /* JHAboutViewController.h */ = {isa = PBXFileReference; fileEncoding = 4; lastKnownFileType = sourcecode.c.h; path = JHAboutViewController.h; sourceTree = "<group>"; };
		C49A4D8A1C059EF200C55834 /* JHAboutViewController.m */ = {isa = PBXFileReference; fileEncoding = 4; lastKnownFileType = sourcecode.c.objc; path = JHAboutViewController.m; sourceTree = "<group>"; };
		C49A4D8C1C059F1600C55834 /* JHInviteViewController.h */ = {isa = PBXFileReference; fileEncoding = 4; lastKnownFileType = sourcecode.c.h; path = JHInviteViewController.h; sourceTree = "<group>"; };
		C49A4D8D1C059F1600C55834 /* JHInviteViewController.m */ = {isa = PBXFileReference; fileEncoding = 4; lastKnownFileType = sourcecode.c.objc; path = JHInviteViewController.m; sourceTree = "<group>"; };
		C49A4D8E1C059F1600C55834 /* JHInviteViewController.xib */ = {isa = PBXFileReference; fileEncoding = 4; lastKnownFileType = file.xib; path = JHInviteViewController.xib; sourceTree = "<group>"; };
		C4E70CF61C0DB73100131144 /* JHSellingVC.h */ = {isa = PBXFileReference; fileEncoding = 4; lastKnownFileType = sourcecode.c.h; name = JHSellingVC.h; path = JvHua/Classes/JHSellingVC.h; sourceTree = SOURCE_ROOT; };
		C4E70CF71C0DB73100131144 /* JHSellingVC.m */ = {isa = PBXFileReference; fileEncoding = 4; lastKnownFileType = sourcecode.c.objc; name = JHSellingVC.m; path = JvHua/Classes/JHSellingVC.m; sourceTree = SOURCE_ROOT; };
		C4E70CF91C0DB73E00131144 /* JHWalletVC.h */ = {isa = PBXFileReference; fileEncoding = 4; lastKnownFileType = sourcecode.c.h; name = JHWalletVC.h; path = JvHua/Classes/JHWalletVC.h; sourceTree = SOURCE_ROOT; };
		C4E70CFA1C0DB73E00131144 /* JHWalletVC.m */ = {isa = PBXFileReference; fileEncoding = 4; lastKnownFileType = sourcecode.c.objc; name = JHWalletVC.m; path = JvHua/Classes/JHWalletVC.m; sourceTree = SOURCE_ROOT; };
		C4F0DD741BE84BC70051A24A /* JHHomeTitleButton.h */ = {isa = PBXFileReference; fileEncoding = 4; lastKnownFileType = sourcecode.c.h; path = JHHomeTitleButton.h; sourceTree = "<group>"; };
		C4F0DD751BE84BC70051A24A /* JHHomeTitleButton.m */ = {isa = PBXFileReference; fileEncoding = 4; lastKnownFileType = sourcecode.c.objc; path = JHHomeTitleButton.m; sourceTree = "<group>"; };
		C4F1DD4C1BEAF1820041984A /* MyMD5.h */ = {isa = PBXFileReference; fileEncoding = 4; lastKnownFileType = sourcecode.c.h; path = MyMD5.h; sourceTree = "<group>"; };
		C4F1DD4D1BEAF1820041984A /* MyMD5.m */ = {isa = PBXFileReference; fileEncoding = 4; lastKnownFileType = sourcecode.c.objc; path = MyMD5.m; sourceTree = "<group>"; };
		C4F1DD501BEAF2D50041984A /* .gitignore */ = {isa = PBXFileReference; fileEncoding = 4; lastKnownFileType = text; path = .gitignore; sourceTree = "<group>"; };
		C4F1DD511BEAF2D50041984A /* AESCrypt.h */ = {isa = PBXFileReference; fileEncoding = 4; lastKnownFileType = sourcecode.c.h; path = AESCrypt.h; sourceTree = "<group>"; };
		C4F1DD521BEAF2D50041984A /* AESCrypt.m */ = {isa = PBXFileReference; fileEncoding = 4; lastKnownFileType = sourcecode.c.objc; path = AESCrypt.m; sourceTree = "<group>"; };
		C4F1DD531BEAF2D50041984A /* LICENSE */ = {isa = PBXFileReference; fileEncoding = 4; lastKnownFileType = text; path = LICENSE; sourceTree = "<group>"; };
		C4F1DD541BEAF2D50041984A /* NSData+Base64.h */ = {isa = PBXFileReference; fileEncoding = 4; lastKnownFileType = sourcecode.c.h; path = "NSData+Base64.h"; sourceTree = "<group>"; };
		C4F1DD551BEAF2D50041984A /* NSData+Base64.m */ = {isa = PBXFileReference; fileEncoding = 4; lastKnownFileType = sourcecode.c.objc; path = "NSData+Base64.m"; sourceTree = "<group>"; };
		C4F1DD561BEAF2D50041984A /* NSData+CommonCrypto.h */ = {isa = PBXFileReference; fileEncoding = 4; lastKnownFileType = sourcecode.c.h; path = "NSData+CommonCrypto.h"; sourceTree = "<group>"; };
		C4F1DD571BEAF2D50041984A /* NSData+CommonCrypto.m */ = {isa = PBXFileReference; fileEncoding = 4; lastKnownFileType = sourcecode.c.objc; path = "NSData+CommonCrypto.m"; sourceTree = "<group>"; };
		C4F1DD581BEAF2D50041984A /* NSString+Base64.h */ = {isa = PBXFileReference; fileEncoding = 4; lastKnownFileType = sourcecode.c.h; path = "NSString+Base64.h"; sourceTree = "<group>"; };
		C4F1DD591BEAF2D50041984A /* NSString+Base64.m */ = {isa = PBXFileReference; fileEncoding = 4; lastKnownFileType = sourcecode.c.objc; path = "NSString+Base64.m"; sourceTree = "<group>"; };
		C4F1DD5A1BEAF2D50041984A /* README.md */ = {isa = PBXFileReference; fileEncoding = 4; lastKnownFileType = net.daringfireball.markdown; path = README.md; sourceTree = "<group>"; };
		C4F1DD5C1BEAF2D50041984A /* AFHTTPRequestOperation.h */ = {isa = PBXFileReference; fileEncoding = 4; lastKnownFileType = sourcecode.c.h; path = AFHTTPRequestOperation.h; sourceTree = "<group>"; };
		C4F1DD5D1BEAF2D50041984A /* AFHTTPRequestOperation.m */ = {isa = PBXFileReference; fileEncoding = 4; lastKnownFileType = sourcecode.c.objc; path = AFHTTPRequestOperation.m; sourceTree = "<group>"; };
		C4F1DD5E1BEAF2D50041984A /* AFHTTPRequestOperationManager.h */ = {isa = PBXFileReference; fileEncoding = 4; lastKnownFileType = sourcecode.c.h; path = AFHTTPRequestOperationManager.h; sourceTree = "<group>"; };
		C4F1DD5F1BEAF2D50041984A /* AFHTTPRequestOperationManager.m */ = {isa = PBXFileReference; fileEncoding = 4; lastKnownFileType = sourcecode.c.objc; path = AFHTTPRequestOperationManager.m; sourceTree = "<group>"; };
		C4F1DD601BEAF2D50041984A /* AFHTTPSessionManager.h */ = {isa = PBXFileReference; fileEncoding = 4; lastKnownFileType = sourcecode.c.h; path = AFHTTPSessionManager.h; sourceTree = "<group>"; };
		C4F1DD611BEAF2D50041984A /* AFHTTPSessionManager.m */ = {isa = PBXFileReference; fileEncoding = 4; lastKnownFileType = sourcecode.c.objc; path = AFHTTPSessionManager.m; sourceTree = "<group>"; };
		C4F1DD621BEAF2D50041984A /* AFNetworkActivityIndicatorManager.h */ = {isa = PBXFileReference; fileEncoding = 4; lastKnownFileType = sourcecode.c.h; path = AFNetworkActivityIndicatorManager.h; sourceTree = "<group>"; };
		C4F1DD631BEAF2D50041984A /* AFNetworkActivityIndicatorManager.m */ = {isa = PBXFileReference; fileEncoding = 4; lastKnownFileType = sourcecode.c.objc; path = AFNetworkActivityIndicatorManager.m; sourceTree = "<group>"; };
		C4F1DD641BEAF2D50041984A /* AFNetworking.h */ = {isa = PBXFileReference; fileEncoding = 4; lastKnownFileType = sourcecode.c.h; path = AFNetworking.h; sourceTree = "<group>"; };
		C4F1DD651BEAF2D50041984A /* AFNetworkReachabilityManager.h */ = {isa = PBXFileReference; fileEncoding = 4; lastKnownFileType = sourcecode.c.h; path = AFNetworkReachabilityManager.h; sourceTree = "<group>"; };
		C4F1DD661BEAF2D50041984A /* AFNetworkReachabilityManager.m */ = {isa = PBXFileReference; fileEncoding = 4; lastKnownFileType = sourcecode.c.objc; path = AFNetworkReachabilityManager.m; sourceTree = "<group>"; };
		C4F1DD671BEAF2D50041984A /* AFSecurityPolicy.h */ = {isa = PBXFileReference; fileEncoding = 4; lastKnownFileType = sourcecode.c.h; path = AFSecurityPolicy.h; sourceTree = "<group>"; };
		C4F1DD681BEAF2D50041984A /* AFSecurityPolicy.m */ = {isa = PBXFileReference; fileEncoding = 4; lastKnownFileType = sourcecode.c.objc; path = AFSecurityPolicy.m; sourceTree = "<group>"; };
		C4F1DD691BEAF2D50041984A /* AFURLConnectionOperation.h */ = {isa = PBXFileReference; fileEncoding = 4; lastKnownFileType = sourcecode.c.h; path = AFURLConnectionOperation.h; sourceTree = "<group>"; };
		C4F1DD6A1BEAF2D50041984A /* AFURLConnectionOperation.m */ = {isa = PBXFileReference; fileEncoding = 4; lastKnownFileType = sourcecode.c.objc; path = AFURLConnectionOperation.m; sourceTree = "<group>"; };
		C4F1DD6B1BEAF2D50041984A /* AFURLRequestSerialization.h */ = {isa = PBXFileReference; fileEncoding = 4; lastKnownFileType = sourcecode.c.h; path = AFURLRequestSerialization.h; sourceTree = "<group>"; };
		C4F1DD6C1BEAF2D50041984A /* AFURLRequestSerialization.m */ = {isa = PBXFileReference; fileEncoding = 4; lastKnownFileType = sourcecode.c.objc; path = AFURLRequestSerialization.m; sourceTree = "<group>"; };
		C4F1DD6D1BEAF2D50041984A /* AFURLResponseSerialization.h */ = {isa = PBXFileReference; fileEncoding = 4; lastKnownFileType = sourcecode.c.h; path = AFURLResponseSerialization.h; sourceTree = "<group>"; };
		C4F1DD6E1BEAF2D50041984A /* AFURLResponseSerialization.m */ = {isa = PBXFileReference; fileEncoding = 4; lastKnownFileType = sourcecode.c.objc; path = AFURLResponseSerialization.m; sourceTree = "<group>"; };
		C4F1DD6F1BEAF2D50041984A /* AFURLSessionManager.h */ = {isa = PBXFileReference; fileEncoding = 4; lastKnownFileType = sourcecode.c.h; path = AFURLSessionManager.h; sourceTree = "<group>"; };
		C4F1DD701BEAF2D50041984A /* AFURLSessionManager.m */ = {isa = PBXFileReference; fileEncoding = 4; lastKnownFileType = sourcecode.c.objc; path = AFURLSessionManager.m; sourceTree = "<group>"; };
		C4F1DD711BEAF2D50041984A /* UIActivityIndicatorView+AFNetworking.h */ = {isa = PBXFileReference; fileEncoding = 4; lastKnownFileType = sourcecode.c.h; path = "UIActivityIndicatorView+AFNetworking.h"; sourceTree = "<group>"; };
		C4F1DD721BEAF2D50041984A /* UIActivityIndicatorView+AFNetworking.m */ = {isa = PBXFileReference; fileEncoding = 4; lastKnownFileType = sourcecode.c.objc; path = "UIActivityIndicatorView+AFNetworking.m"; sourceTree = "<group>"; };
		C4F1DD8D1BEAF4130041984A /* Foundation.framework */ = {isa = PBXFileReference; lastKnownFileType = wrapper.framework; name = Foundation.framework; path = System/Library/Frameworks/Foundation.framework; sourceTree = SDKROOT; };
		C4FC11E31BEDE10F00E84F17 /* LGAlertView.h */ = {isa = PBXFileReference; fileEncoding = 4; lastKnownFileType = sourcecode.c.h; path = LGAlertView.h; sourceTree = "<group>"; };
		C4FC11E41BEDE10F00E84F17 /* LGAlertView.m */ = {isa = PBXFileReference; fileEncoding = 4; lastKnownFileType = sourcecode.c.objc; path = LGAlertView.m; sourceTree = "<group>"; };
		C4FC11E51BEDE10F00E84F17 /* LGAlertViewCell.h */ = {isa = PBXFileReference; fileEncoding = 4; lastKnownFileType = sourcecode.c.h; path = LGAlertViewCell.h; sourceTree = "<group>"; };
		C4FC11E61BEDE10F00E84F17 /* LGAlertViewCell.m */ = {isa = PBXFileReference; fileEncoding = 4; lastKnownFileType = sourcecode.c.objc; path = LGAlertViewCell.m; sourceTree = "<group>"; };
		C4FC11E71BEDE10F00E84F17 /* LGAlertViewShared.h */ = {isa = PBXFileReference; fileEncoding = 4; lastKnownFileType = sourcecode.c.h; path = LGAlertViewShared.h; sourceTree = "<group>"; };
		C4FC11E81BEDE10F00E84F17 /* LGAlertViewTextField.h */ = {isa = PBXFileReference; fileEncoding = 4; lastKnownFileType = sourcecode.c.h; path = LGAlertViewTextField.h; sourceTree = "<group>"; };
		C4FC11E91BEDE10F00E84F17 /* LGAlertViewTextField.m */ = {isa = PBXFileReference; fileEncoding = 4; lastKnownFileType = sourcecode.c.objc; path = LGAlertViewTextField.m; sourceTree = "<group>"; };
/* End PBXFileReference section */

/* Begin PBXFrameworksBuildPhase section */
		C40890D41BDA21E300F090B1 /* Frameworks */ = {
			isa = PBXFrameworksBuildPhase;
			buildActionMask = 2147483647;
			files = (
				C4F1DD8E1BEAF4130041984A /* Foundation.framework in Frameworks */,
			);
			runOnlyForDeploymentPostprocessing = 0;
		};
		C40890ED1BDA21E300F090B1 /* Frameworks */ = {
			isa = PBXFrameworksBuildPhase;
			buildActionMask = 2147483647;
			files = (
			);
			runOnlyForDeploymentPostprocessing = 0;
		};
/* End PBXFrameworksBuildPhase section */

/* Begin PBXGroup section */
		C40890CE1BDA21E300F090B1 = {
			isa = PBXGroup;
			children = (
				C4F1DD8D1BEAF4130041984A /* Foundation.framework */,
				C40890D91BDA21E300F090B1 /* JvHua */,
				C40890F31BDA21E300F090B1 /* JvHuaTests */,
				C40890D81BDA21E300F090B1 /* Products */,
				C4F0DD7F1BE8C28B0051A24A /* ThirdLib */,
			);
			sourceTree = "<group>";
		};
		C40890D81BDA21E300F090B1 /* Products */ = {
			isa = PBXGroup;
			children = (
				C40890D71BDA21E300F090B1 /* JvHua.app */,
				C40890F01BDA21E300F090B1 /* JvHuaTests.xctest */,
			);
			name = Products;
			sourceTree = "<group>";
		};
		C40890D91BDA21E300F090B1 /* JvHua */ = {
			isa = PBXGroup;
			children = (
				C40891001BDA230D00F090B1 /* Classes */,
				C40890DE1BDA21E300F090B1 /* AppDelegate.h */,
				C40890DF1BDA21E300F090B1 /* AppDelegate.m */,
				C40890E71BDA21E300F090B1 /* Images.xcassets */,
				C40890E91BDA21E300F090B1 /* LaunchScreen.xib */,
				C40890DA1BDA21E300F090B1 /* Supporting Files */,
			);
			path = JvHua;
			sourceTree = "<group>";
		};
		C40890DA1BDA21E300F090B1 /* Supporting Files */ = {
			isa = PBXGroup;
			children = (
				C40890DB1BDA21E300F090B1 /* Info.plist */,
				C40890DC1BDA21E300F090B1 /* main.m */,
				C408913D1BDA237500F090B1 /* JvHua.pch */,
			);
			name = "Supporting Files";
			sourceTree = "<group>";
		};
		C40890F31BDA21E300F090B1 /* JvHuaTests */ = {
			isa = PBXGroup;
			children = (
				C40890F61BDA21E300F090B1 /* JvHuaTests.m */,
				C40890F41BDA21E300F090B1 /* Supporting Files */,
			);
			path = JvHuaTests;
			sourceTree = "<group>";
		};
		C40890F41BDA21E300F090B1 /* Supporting Files */ = {
			isa = PBXGroup;
			children = (
				C40890F51BDA21E300F090B1 /* Info.plist */,
			);
			name = "Supporting Files";
			sourceTree = "<group>";
		};
		C40891001BDA230D00F090B1 /* Classes */ = {
			isa = PBXGroup;
			children = (
				C40891011BDA230D00F090B1 /* Classification(分类) */,
				C40891051BDA230D00F090B1 /* Home(首页) */,
				C408910B1BDA230D00F090B1 /* Mine(我的) */,
				C40891131BDA230D00F090B1 /* NewFeature */,
				C40891191BDA230D00F090B1 /* Public */,
				C40891261BDA230D00F090B1 /* Selling(热卖) */,
				C408912A1BDA230D00F090B1 /* Temp */,
				C40891301BDA230D00F090B1 /* Wallet(钱包) */,
			);
			path = Classes;
			sourceTree = "<group>";
		};
		C40891011BDA230D00F090B1 /* Classification(分类) */ = {
			isa = PBXGroup;
			children = (
				C40891021BDA230D00F090B1 /* Controller */,
				C40891031BDA230D00F090B1 /* Model */,
				C40891041BDA230D00F090B1 /* View */,
			);
			path = "Classification(分类)";
			sourceTree = "<group>";
		};
		C40891021BDA230D00F090B1 /* Controller */ = {
			isa = PBXGroup;
			children = (
				C47B67E81C045F7D003BB8C8 /* JHClassificationController.h */,
				C47B67E91C045F7D003BB8C8 /* JHClassificationController.m */,
			);
			path = Controller;
			sourceTree = "<group>";
		};
		C40891031BDA230D00F090B1 /* Model */ = {
			isa = PBXGroup;
			children = (
			);
			path = Model;
			sourceTree = "<group>";
		};
		C40891041BDA230D00F090B1 /* View */ = {
			isa = PBXGroup;
			children = (
			);
			path = View;
			sourceTree = "<group>";
		};
		C40891051BDA230D00F090B1 /* Home(首页) */ = {
			isa = PBXGroup;
			children = (
				C40891061BDA230D00F090B1 /* Controller */,
				C40891091BDA230D00F090B1 /* Model */,
				C408910A1BDA230D00F090B1 /* View */,
			);
			path = "Home(首页)";
			sourceTree = "<group>";
		};
		C40891061BDA230D00F090B1 /* Controller */ = {
			isa = PBXGroup;
			children = (
				C47B67FF1C047258003BB8C8 /* JHHomeController.h */,
				C47B68001C047258003BB8C8 /* JHHomeController.m */,
			);
			path = Controller;
			sourceTree = "<group>";
		};
		C40891091BDA230D00F090B1 /* Model */ = {
			isa = PBXGroup;
			children = (
			);
			path = Model;
			sourceTree = "<group>";
		};
		C408910A1BDA230D00F090B1 /* View */ = {
			isa = PBXGroup;
			children = (
				C4F0DD741BE84BC70051A24A /* JHHomeTitleButton.h */,
				C4F0DD751BE84BC70051A24A /* JHHomeTitleButton.m */,
			);
			path = View;
			sourceTree = "<group>";
		};
		C408910B1BDA230D00F090B1 /* Mine(我的) */ = {
			isa = PBXGroup;
			children = (
				C46AF8741BF1CEFD00D26C7B /* Login(登陆) */,
				C46AF8851BF1CEFD00D26C7B /* My(个人中心) */,
				C46AF88C1BF1CEFD00D26C7B /* Setting(设置) */,
			);
			path = "Mine(我的)";
			sourceTree = "<group>";
		};
		C40891131BDA230D00F090B1 /* NewFeature */ = {
			isa = PBXGroup;
			children = (
				C40891141BDA230D00F090B1 /* Controller */,
				C40891171BDA230D00F090B1 /* Model */,
				C40891181BDA230D00F090B1 /* View */,
			);
			path = NewFeature;
			sourceTree = "<group>";
		};
		C40891141BDA230D00F090B1 /* Controller */ = {
			isa = PBXGroup;
			children = (
				C40891151BDA230D00F090B1 /* JHNewFeatureViewController.h */,
				C40891161BDA230D00F090B1 /* JHNewFeatureViewController.m */,
			);
			path = Controller;
			sourceTree = "<group>";
		};
		C40891171BDA230D00F090B1 /* Model */ = {
			isa = PBXGroup;
			children = (
			);
			path = Model;
			sourceTree = "<group>";
		};
		C40891181BDA230D00F090B1 /* View */ = {
			isa = PBXGroup;
			children = (
			);
			path = View;
			sourceTree = "<group>";
		};
		C40891191BDA230D00F090B1 /* Public */ = {
			isa = PBXGroup;
			children = (
				C45791A11BEB80C6009C297C /* Tools */,
				C40891421BDB2F0D00F090B1 /* Utils */,
				C408911A1BDA230D00F090B1 /* Category */,
				C408911F1BDA230D00F090B1 /* Controller */,
				C40891241BDA230D00F090B1 /* Model */,
				C40891251BDA230D00F090B1 /* View */,
			);
			path = Public;
			sourceTree = "<group>";
		};
		C408911A1BDA230D00F090B1 /* Category */ = {
			isa = PBXGroup;
			children = (
				C47B68021C047B83003BB8C8 /* UIImage+DK.h */,
				C47B68031C047B83003BB8C8 /* UIImage+DK.m */,
				C408911B1BDA230D00F090B1 /* UIBarButtonItem+Extension.h */,
				C408911C1BDA230D00F090B1 /* UIBarButtonItem+Extension.m */,
				C408911D1BDA230D00F090B1 /* UIView+extension.h */,
				C408911E1BDA230D00F090B1 /* UIView+extension.m */,
			);
			path = Category;
			sourceTree = "<group>";
		};
		C408911F1BDA230D00F090B1 /* Controller */ = {
			isa = PBXGroup;
			children = (
				C47B67DC1C044DD9003BB8C8 /* Nav.h */,
				C47B67DD1C044DD9003BB8C8 /* Nav.m */,
				C47B67DE1C044DD9003BB8C8 /* NavigationInteractiveTransition.h */,
				C47B67DF1C044DD9003BB8C8 /* NavigationInteractiveTransition.m */,
				C47B67E01C044DD9003BB8C8 /* PopAnimation.h */,
				C47B67E11C044DD9003BB8C8 /* PopAnimation.m */,
				C40891201BDA230D00F090B1 /* JHNavigationController.h */,
				C40891211BDA230D00F090B1 /* JHNavigationController.m */,
				C40891221BDA230D00F090B1 /* JHTabBarController.h */,
				C40891231BDA230D00F090B1 /* JHTabBarController.m */,
			);
			path = Controller;
			sourceTree = "<group>";
		};
		C40891241BDA230D00F090B1 /* Model */ = {
			isa = PBXGroup;
			children = (
			);
			path = Model;
			sourceTree = "<group>";
		};
		C40891251BDA230D00F090B1 /* View */ = {
			isa = PBXGroup;
			children = (
				C47B67EB1C0460AE003BB8C8 /* JHTabBar.h */,
				C47B67EC1C0460AE003BB8C8 /* JHTabBar.m */,
				C47B67EE1C0460D6003BB8C8 /* JHTabBarButton.h */,
				C47B67EF1C0460D6003BB8C8 /* JHTabBarButton.m */,
			);
			path = View;
			sourceTree = "<group>";
		};
		C40891261BDA230D00F090B1 /* Selling(热卖) */ = {
			isa = PBXGroup;
			children = (
				C40891271BDA230D00F090B1 /* Controller */,
				C40891281BDA230D00F090B1 /* Model */,
				C40891291BDA230D00F090B1 /* View */,
			);
			path = "Selling(热卖)";
			sourceTree = "<group>";
		};
		C40891271BDA230D00F090B1 /* Controller */ = {
			isa = PBXGroup;
			children = (
				C4E70CF61C0DB73100131144 /* JHSellingVC.h */,
				C4E70CF71C0DB73100131144 /* JHSellingVC.m */,
			);
			path = Controller;
			sourceTree = "<group>";
		};
		C40891281BDA230D00F090B1 /* Model */ = {
			isa = PBXGroup;
			children = (
			);
			path = Model;
			sourceTree = "<group>";
		};
		C40891291BDA230D00F090B1 /* View */ = {
			isa = PBXGroup;
			children = (
			);
			path = View;
			sourceTree = "<group>";
		};
		C408912A1BDA230D00F090B1 /* Temp */ = {
			isa = PBXGroup;
			children = (
				C408912B1BDA230D00F090B1 /* Controller */,
				C408912E1BDA230D00F090B1 /* Model */,
				C408912F1BDA230D00F090B1 /* View */,
			);
			path = Temp;
			sourceTree = "<group>";
		};
		C408912B1BDA230D00F090B1 /* Controller */ = {
			isa = PBXGroup;
			children = (
				C408912C1BDA230D00F090B1 /* JHTemp2Controller.h */,
				C408912D1BDA230D00F090B1 /* JHTemp2Controller.m */,
			);
			path = Controller;
			sourceTree = "<group>";
		};
		C408912E1BDA230D00F090B1 /* Model */ = {
			isa = PBXGroup;
			children = (
			);
			path = Model;
			sourceTree = "<group>";
		};
		C408912F1BDA230D00F090B1 /* View */ = {
			isa = PBXGroup;
			children = (
			);
			path = View;
			sourceTree = "<group>";
		};
		C40891301BDA230D00F090B1 /* Wallet(钱包) */ = {
			isa = PBXGroup;
			children = (
				C40891311BDA230D00F090B1 /* Controller */,
				C40891321BDA230D00F090B1 /* Model */,
				C40891331BDA230D00F090B1 /* View */,
			);
			path = "Wallet(钱包)";
			sourceTree = "<group>";
		};
		C40891311BDA230D00F090B1 /* Controller */ = {
			isa = PBXGroup;
			children = (
				C4E70CF91C0DB73E00131144 /* JHWalletVC.h */,
				C4E70CFA1C0DB73E00131144 /* JHWalletVC.m */,
			);
			path = Controller;
			sourceTree = "<group>";
		};
		C40891321BDA230D00F090B1 /* Model */ = {
			isa = PBXGroup;
			children = (
			);
			path = Model;
			sourceTree = "<group>";
		};
		C40891331BDA230D00F090B1 /* View */ = {
			isa = PBXGroup;
			children = (
			);
			path = View;
			sourceTree = "<group>";
		};
		C40891421BDB2F0D00F090B1 /* Utils */ = {
			isa = PBXGroup;
			children = (
				C4F1DD4C1BEAF1820041984A /* MyMD5.h */,
				C4F1DD4D1BEAF1820041984A /* MyMD5.m */,
				C40891431BDB2F0D00F090B1 /* JHUtils.h */,
				C40891441BDB2F0D00F090B1 /* JHUtils.m */,
			);
			path = Utils;
			sourceTree = "<group>";
		};
		C45791981BEB75E4009C297C /* MBProgressHUD */ = {
			isa = PBXGroup;
			children = (
				C45791991BEB75E4009C297C /* MBProgressHUD+MJ.h */,
				C457919A1BEB75E4009C297C /* MBProgressHUD+MJ.m */,
				C457919B1BEB75E4009C297C /* MBProgressHUD.bundle */,
				C457919C1BEB75E4009C297C /* MBProgressHUD.h */,
				C457919D1BEB75E4009C297C /* MBProgressHUD.m */,
			);
			path = MBProgressHUD;
			sourceTree = "<group>";
		};
		C45791A11BEB80C6009C297C /* Tools */ = {
			isa = PBXGroup;
			children = (
				C45791A21BEB80C6009C297C /* NetWork */,
			);
			path = Tools;
			sourceTree = "<group>";
		};
		C45791A21BEB80C6009C297C /* NetWork */ = {
			isa = PBXGroup;
			children = (
				C47B679F1C03F979003BB8C8 /* JHUtilTool.h */,
				C47B67A01C03F979003BB8C8 /* JHUtilTool.m */,
				C45791A61BEB8243009C297C /* Interface.h */,
				C45791A31BEB8129009C297C /* OZHNetWork.h */,
				C45791A41BEB8129009C297C /* OZHNetWork.m */,
				C47B679C1C03F38C003BB8C8 /* JHHttpTool.h */,
				C47B679D1C03F38C003BB8C8 /* JHHttpTool.m */,
			);
			path = NetWork;
			sourceTree = "<group>";
		};
		C46AF8741BF1CEFD00D26C7B /* Login(登陆) */ = {
			isa = PBXGroup;
			children = (
				C46AF8751BF1CEFD00D26C7B /* Controller */,
				C46AF8821BF1CEFD00D26C7B /* Model */,
				C46AF8831BF1CEFD00D26C7B /* View */,
			);
			path = "Login(登陆)";
			sourceTree = "<group>";
		};
		C46AF8751BF1CEFD00D26C7B /* Controller */ = {
			isa = PBXGroup;
			children = (
				C46AF8761BF1CEFD00D26C7B /* JHChangePasswordViewController.h */,
				C46AF8771BF1CEFD00D26C7B /* JHChangePasswordViewController.m */,
				C46AF8781BF1CEFD00D26C7B /* JHChangePasswordViewController.xib */,
				C46AF8791BF1CEFD00D26C7B /* JHForgetPasswordViewController.h */,
				C46AF87A1BF1CEFD00D26C7B /* JHForgetPasswordViewController.m */,
				C46AF87B1BF1CEFD00D26C7B /* JHForgetPasswordViewController.xib */,
				C46AF87C1BF1CEFD00D26C7B /* JHLoginViewController.h */,
				C46AF87D1BF1CEFD00D26C7B /* JHLoginViewController.m */,
				C46AF87E1BF1CEFD00D26C7B /* JHLoginViewController.xib */,
				C46AF87F1BF1CEFD00D26C7B /* JHRegisterViewController.h */,
				C46AF8801BF1CEFD00D26C7B /* JHRegisterViewController.m */,
				C46AF8811BF1CEFD00D26C7B /* JHRegisterViewController.xib */,
			);
			path = Controller;
			sourceTree = "<group>";
		};
		C46AF8821BF1CEFD00D26C7B /* Model */ = {
			isa = PBXGroup;
			children = (
			);
			path = Model;
			sourceTree = "<group>";
		};
		C46AF8831BF1CEFD00D26C7B /* View */ = {
			isa = PBXGroup;
			children = (
				C46AF8841BF1CEFD00D26C7B /* JHLoginViewController.storyboard */,
			);
			path = View;
			sourceTree = "<group>";
		};
		C46AF8851BF1CEFD00D26C7B /* My(个人中心) */ = {
			isa = PBXGroup;
			children = (
				C46AF8861BF1CEFD00D26C7B /* Controller */,
				C46AF88A1BF1CEFD00D26C7B /* Model */,
				C46AF88B1BF1CEFD00D26C7B /* View */,
			);
			name = "My(个人中心)";
			path = "personal(个人中心)";
			sourceTree = "<group>";
		};
		C46AF8861BF1CEFD00D26C7B /* Controller */ = {
			isa = PBXGroup;
			children = (
				C47B67F11C0466FB003BB8C8 /* JHMyController.h */,
				C47B67F21C0466FB003BB8C8 /* JHMyController.m */,
				C47B67F31C0466FB003BB8C8 /* JHMyController.xib */,
			);
			path = Controller;
			sourceTree = "<group>";
		};
		C46AF88A1BF1CEFD00D26C7B /* Model */ = {
			isa = PBXGroup;
			children = (
			);
			path = Model;
			sourceTree = "<group>";
		};
		C46AF88B1BF1CEFD00D26C7B /* View */ = {
			isa = PBXGroup;
			children = (
			);
			path = View;
			sourceTree = "<group>";
		};
		C46AF88C1BF1CEFD00D26C7B /* Setting(设置) */ = {
			isa = PBXGroup;
			children = (
				C46AF88D1BF1CEFD00D26C7B /* Controller */,
				C45280501C08338200245653 /* JHBaseSettingController.h */,
				C45280511C08338200245653 /* JHBaseSettingController.m */,
				C46AF88E1BF1CEFD00D26C7B /* Model */,
				C46AF88F1BF1CEFD00D26C7B /* View */,
			);
			path = "Setting(设置)";
			sourceTree = "<group>";
		};
		C46AF88D1BF1CEFD00D26C7B /* Controller */ = {
			isa = PBXGroup;
			children = (
				C46B0B891C06F0E4008AAF99 /* JHSettingController.h */,
				C46B0B8A1C06F0E4008AAF99 /* JHSettingController.m */,
				C49A4D7C1C059E4700C55834 /* JHAccountViewController.h */,
				C49A4D7D1C059E4700C55834 /* JHAccountViewController.m */,
				C49A4D7E1C059E4700C55834 /* JHAccountViewController.xib */,
				C49A4D811C059E9600C55834 /* JHAdviceViewController.h */,
				C49A4D821C059E9600C55834 /* JHAdviceViewController.m */,
				C49A4D831C059E9600C55834 /* JHAdviceViewController.xib */,
				C49A4D861C059EC800C55834 /* JHUpdateViewController.h */,
				C49A4D871C059EC800C55834 /* JHUpdateViewController.m */,
				C49A4D891C059EF200C55834 /* JHAboutViewController.h */,
				C49A4D8A1C059EF200C55834 /* JHAboutViewController.m */,
				C49A4D8C1C059F1600C55834 /* JHInviteViewController.h */,
				C49A4D8D1C059F1600C55834 /* JHInviteViewController.m */,
				C49A4D8E1C059F1600C55834 /* JHInviteViewController.xib */,
			);
			path = Controller;
			sourceTree = "<group>";
		};
		C46AF88E1BF1CEFD00D26C7B /* Model */ = {
			isa = PBXGroup;
			children = (
				C45280531C08350400245653 /* JHGroup.h */,
				C45280541C08350400245653 /* JHGroup.m */,
				C45280561C08355300245653 /* JHItem.h */,
				C45280571C08355300245653 /* JHItem.m */,
				C45280591C0835F700245653 /* JHItemArrow.h */,
				C452805A1C0835F700245653 /* JHItemArrow.m */,
				C452805C1C08365500245653 /* JHItemSwitch.h */,
				C452805D1C08365500245653 /* JHItemSwitch.m */,
				C45280651C08428800245653 /* JHItemLabel.h */,
				C45280661C08428800245653 /* JHItemLabel.m */,
			);
			path = Model;
			sourceTree = "<group>";
		};
		C46AF88F1BF1CEFD00D26C7B /* View */ = {
			isa = PBXGroup;
			children = (
				C45280621C08400A00245653 /* JHSettingItemCell.h */,
				C45280631C08400A00245653 /* JHSettingItemCell.m */,
				C45280681C085BE900245653 /* JHComposeView.h */,
				C45280691C085BE900245653 /* JHComposeView.m */,
			);
			path = View;
			sourceTree = "<group>";
		};
		C47B67A21C03FD80003BB8C8 /* SDWebImage */ = {
			isa = PBXGroup;
			children = (
				C47B67A31C03FD80003BB8C8 /* MKAnnotationView+WebCache.h */,
				C47B67A41C03FD80003BB8C8 /* MKAnnotationView+WebCache.m */,
				C47B67A51C03FD80003BB8C8 /* NSData+ImageContentType.h */,
				C47B67A61C03FD80003BB8C8 /* NSData+ImageContentType.m */,
				C47B67A71C03FD80003BB8C8 /* SDImageCache.h */,
				C47B67A81C03FD80003BB8C8 /* SDImageCache.m */,
				C47B67A91C03FD80003BB8C8 /* SDWebImageCompat.h */,
				C47B67AA1C03FD80003BB8C8 /* SDWebImageCompat.m */,
				C47B67AB1C03FD80003BB8C8 /* SDWebImageDecoder.h */,
				C47B67AC1C03FD80003BB8C8 /* SDWebImageDecoder.m */,
				C47B67AD1C03FD80003BB8C8 /* SDWebImageDownloader.h */,
				C47B67AE1C03FD80003BB8C8 /* SDWebImageDownloader.m */,
				C47B67AF1C03FD80003BB8C8 /* SDWebImageDownloaderOperation.h */,
				C47B67B01C03FD80003BB8C8 /* SDWebImageDownloaderOperation.m */,
				C47B67B11C03FD80003BB8C8 /* SDWebImageManager.h */,
				C47B67B21C03FD80003BB8C8 /* SDWebImageManager.m */,
				C47B67B31C03FD80003BB8C8 /* SDWebImageOperation.h */,
				C47B67B41C03FD80003BB8C8 /* SDWebImagePrefetcher.h */,
				C47B67B51C03FD80003BB8C8 /* SDWebImagePrefetcher.m */,
				C47B67B61C03FD80003BB8C8 /* UIButton+WebCache.h */,
				C47B67B71C03FD80003BB8C8 /* UIButton+WebCache.m */,
				C47B67B81C03FD80003BB8C8 /* UIImage+GIF.h */,
				C47B67B91C03FD80003BB8C8 /* UIImage+GIF.m */,
				C47B67BA1C03FD80003BB8C8 /* UIImage+MultiFormat.h */,
				C47B67BB1C03FD80003BB8C8 /* UIImage+MultiFormat.m */,
				C47B67BC1C03FD80003BB8C8 /* UIImage+WebP.h */,
				C47B67BD1C03FD80003BB8C8 /* UIImage+WebP.m */,
				C47B67BE1C03FD80003BB8C8 /* UIImageView+HighlightedWebCache.h */,
				C47B67BF1C03FD80003BB8C8 /* UIImageView+HighlightedWebCache.m */,
				C47B67C01C03FD80003BB8C8 /* UIImageView+WebCache.h */,
				C47B67C11C03FD80003BB8C8 /* UIImageView+WebCache.m */,
				C47B67C21C03FD80003BB8C8 /* UIView+WebCacheOperation.h */,
				C47B67C31C03FD80003BB8C8 /* UIView+WebCacheOperation.m */,
			);
			path = SDWebImage;
			sourceTree = "<group>";
		};
		C47B67D41C03FF44003BB8C8 /* Reachability */ = {
			isa = PBXGroup;
			children = (
				C47B67D51C03FF44003BB8C8 /* LICENCE.txt */,
				C47B67D61C03FF44003BB8C8 /* Reachability.h */,
				C47B67D71C03FF44003BB8C8 /* Reachability.m */,
				C47B67D81C03FF44003BB8C8 /* README.md */,
			);
			path = Reachability;
			sourceTree = "<group>";
		};
		C4F0DD7F1BE8C28B0051A24A /* ThirdLib */ = {
			isa = PBXGroup;
			children = (
				C47B67D41C03FF44003BB8C8 /* Reachability */,
				C47B67A21C03FD80003BB8C8 /* SDWebImage */,
				C4FC11E21BEDE10F00E84F17 /* LGAlertView */,
				C45791981BEB75E4009C297C /* MBProgressHUD */,
				C4F1DD4F1BEAF2D50041984A /* AESCrypt-ObjC-master */,
				C4F1DD5B1BEAF2D50041984A /* AFNetworking */,
			);
			path = ThirdLib;
			sourceTree = "<group>";
		};
		C4F1DD4F1BEAF2D50041984A /* AESCrypt-ObjC-master */ = {
			isa = PBXGroup;
			children = (
				C4F1DD501BEAF2D50041984A /* .gitignore */,
				C4F1DD511BEAF2D50041984A /* AESCrypt.h */,
				C4F1DD521BEAF2D50041984A /* AESCrypt.m */,
				C4F1DD531BEAF2D50041984A /* LICENSE */,
				C4F1DD541BEAF2D50041984A /* NSData+Base64.h */,
				C4F1DD551BEAF2D50041984A /* NSData+Base64.m */,
				C4F1DD561BEAF2D50041984A /* NSData+CommonCrypto.h */,
				C4F1DD571BEAF2D50041984A /* NSData+CommonCrypto.m */,
				C4F1DD581BEAF2D50041984A /* NSString+Base64.h */,
				C4F1DD591BEAF2D50041984A /* NSString+Base64.m */,
				C4F1DD5A1BEAF2D50041984A /* README.md */,
			);
			path = "AESCrypt-ObjC-master";
			sourceTree = "<group>";
		};
		C4F1DD5B1BEAF2D50041984A /* AFNetworking */ = {
			isa = PBXGroup;
			children = (
				C4F1DD5C1BEAF2D50041984A /* AFHTTPRequestOperation.h */,
				C4F1DD5D1BEAF2D50041984A /* AFHTTPRequestOperation.m */,
				C4F1DD5E1BEAF2D50041984A /* AFHTTPRequestOperationManager.h */,
				C4F1DD5F1BEAF2D50041984A /* AFHTTPRequestOperationManager.m */,
				C4F1DD601BEAF2D50041984A /* AFHTTPSessionManager.h */,
				C4F1DD611BEAF2D50041984A /* AFHTTPSessionManager.m */,
				C4F1DD621BEAF2D50041984A /* AFNetworkActivityIndicatorManager.h */,
				C4F1DD631BEAF2D50041984A /* AFNetworkActivityIndicatorManager.m */,
				C4F1DD641BEAF2D50041984A /* AFNetworking.h */,
				C4F1DD651BEAF2D50041984A /* AFNetworkReachabilityManager.h */,
				C4F1DD661BEAF2D50041984A /* AFNetworkReachabilityManager.m */,
				C4F1DD671BEAF2D50041984A /* AFSecurityPolicy.h */,
				C4F1DD681BEAF2D50041984A /* AFSecurityPolicy.m */,
				C4F1DD691BEAF2D50041984A /* AFURLConnectionOperation.h */,
				C4F1DD6A1BEAF2D50041984A /* AFURLConnectionOperation.m */,
				C4F1DD6B1BEAF2D50041984A /* AFURLRequestSerialization.h */,
				C4F1DD6C1BEAF2D50041984A /* AFURLRequestSerialization.m */,
				C4F1DD6D1BEAF2D50041984A /* AFURLResponseSerialization.h */,
				C4F1DD6E1BEAF2D50041984A /* AFURLResponseSerialization.m */,
				C4F1DD6F1BEAF2D50041984A /* AFURLSessionManager.h */,
				C4F1DD701BEAF2D50041984A /* AFURLSessionManager.m */,
				C4F1DD711BEAF2D50041984A /* UIActivityIndicatorView+AFNetworking.h */,
				C4F1DD721BEAF2D50041984A /* UIActivityIndicatorView+AFNetworking.m */,
			);
			path = AFNetworking;
			sourceTree = "<group>";
		};
		C4FC11E21BEDE10F00E84F17 /* LGAlertView */ = {
			isa = PBXGroup;
			children = (
				C4FC11E31BEDE10F00E84F17 /* LGAlertView.h */,
				C4FC11E41BEDE10F00E84F17 /* LGAlertView.m */,
				C4FC11E51BEDE10F00E84F17 /* LGAlertViewCell.h */,
				C4FC11E61BEDE10F00E84F17 /* LGAlertViewCell.m */,
				C4FC11E71BEDE10F00E84F17 /* LGAlertViewShared.h */,
				C4FC11E81BEDE10F00E84F17 /* LGAlertViewTextField.h */,
				C4FC11E91BEDE10F00E84F17 /* LGAlertViewTextField.m */,
			);
			path = LGAlertView;
			sourceTree = "<group>";
		};
/* End PBXGroup section */

/* Begin PBXNativeTarget section */
		C40890D61BDA21E300F090B1 /* JvHua */ = {
			isa = PBXNativeTarget;
			buildConfigurationList = C40890FA1BDA21E300F090B1 /* Build configuration list for PBXNativeTarget "JvHua" */;
			buildPhases = (
				C40890D31BDA21E300F090B1 /* Sources */,
				C40890D41BDA21E300F090B1 /* Frameworks */,
				C40890D51BDA21E300F090B1 /* Resources */,
			);
			buildRules = (
			);
			dependencies = (
			);
			name = JvHua;
			productName = JvHua;
			productReference = C40890D71BDA21E300F090B1 /* JvHua.app */;
			productType = "com.apple.product-type.application";
		};
		C40890EF1BDA21E300F090B1 /* JvHuaTests */ = {
			isa = PBXNativeTarget;
			buildConfigurationList = C40890FD1BDA21E300F090B1 /* Build configuration list for PBXNativeTarget "JvHuaTests" */;
			buildPhases = (
				C40890EC1BDA21E300F090B1 /* Sources */,
				C40890ED1BDA21E300F090B1 /* Frameworks */,
				C40890EE1BDA21E300F090B1 /* Resources */,
			);
			buildRules = (
			);
			dependencies = (
				C40890F21BDA21E300F090B1 /* PBXTargetDependency */,
			);
			name = JvHuaTests;
			productName = JvHuaTests;
			productReference = C40890F01BDA21E300F090B1 /* JvHuaTests.xctest */;
			productType = "com.apple.product-type.bundle.unit-test";
		};
/* End PBXNativeTarget section */

/* Begin PBXProject section */
		C40890CF1BDA21E300F090B1 /* Project object */ = {
			isa = PBXProject;
			attributes = {
				CLASSPREFIX = JH;
				LastUpgradeCheck = 0640;
				ORGANIZATIONNAME = juzi;
				TargetAttributes = {
					C40890D61BDA21E300F090B1 = {
						CreatedOnToolsVersion = 6.4;
					};
					C40890EF1BDA21E300F090B1 = {
						CreatedOnToolsVersion = 6.4;
						TestTargetID = C40890D61BDA21E300F090B1;
					};
				};
			};
			buildConfigurationList = C40890D21BDA21E300F090B1 /* Build configuration list for PBXProject "JvHua" */;
			compatibilityVersion = "Xcode 3.2";
			developmentRegion = English;
			hasScannedForEncodings = 0;
			knownRegions = (
				en,
				Base,
			);
			mainGroup = C40890CE1BDA21E300F090B1;
			productRefGroup = C40890D81BDA21E300F090B1 /* Products */;
			projectDirPath = "";
			projectRoot = "";
			targets = (
				C40890D61BDA21E300F090B1 /* JvHua */,
				C40890EF1BDA21E300F090B1 /* JvHuaTests */,
			);
		};
/* End PBXProject section */

/* Begin PBXResourcesBuildPhase section */
		C40890D51BDA21E300F090B1 /* Resources */ = {
			isa = PBXResourcesBuildPhase;
			buildActionMask = 2147483647;
			files = (
				C49A4D901C059F1600C55834 /* JHInviteViewController.xib in Resources */,
				C47B67D91C03FF44003BB8C8 /* LICENCE.txt in Resources */,
				C46AF8981BF1CEFD00D26C7B /* JHLoginViewController.storyboard in Resources */,
				C457919F1BEB75E5009C297C /* MBProgressHUD.bundle in Resources */,
				C47B67F51C0466FB003BB8C8 /* JHMyController.xib in Resources */,
				C49A4D851C059E9600C55834 /* JHAdviceViewController.xib in Resources */,
				C49A4D801C059E4700C55834 /* JHAccountViewController.xib in Resources */,
				C46AF8931BF1CEFD00D26C7B /* JHForgetPasswordViewController.xib in Resources */,
				C46AF8971BF1CEFD00D26C7B /* JHRegisterViewController.xib in Resources */,
				C46AF8911BF1CEFD00D26C7B /* JHChangePasswordViewController.xib in Resources */,
				C4F1DD751BEAF2D50041984A /* LICENSE in Resources */,
				C46AF8951BF1CEFD00D26C7B /* JHLoginViewController.xib in Resources */,
				C40890EB1BDA21E300F090B1 /* LaunchScreen.xib in Resources */,
				C40890E81BDA21E300F090B1 /* Images.xcassets in Resources */,
				C4F1DD731BEAF2D50041984A /* .gitignore in Resources */,
			);
			runOnlyForDeploymentPostprocessing = 0;
		};
		C40890EE1BDA21E300F090B1 /* Resources */ = {
			isa = PBXResourcesBuildPhase;
			buildActionMask = 2147483647;
			files = (
			);
			runOnlyForDeploymentPostprocessing = 0;
		};
/* End PBXResourcesBuildPhase section */

/* Begin PBXSourcesBuildPhase section */
		C40890D31BDA21E300F090B1 /* Sources */ = {
			isa = PBXSourcesBuildPhase;
			buildActionMask = 2147483647;
			files = (
				C468767D1BFC5F5D007606DE /* JHHomeTitleButton.h in Sources */,
				C4E70CFB1C0DB73E00131144 /* JHWalletVC.m in Sources */,
				C47B67CB1C03FD80003BB8C8 /* SDWebImageManager.m in Sources */,
				C47B67F41C0466FB003BB8C8 /* JHMyController.m in Sources */,
				C46876711BFC1ADF007606DE /* LGAlertView.h in Sources */,
				C452805B1C0835F700245653 /* JHItemArrow.m in Sources */,
				C47B67F01C0460D6003BB8C8 /* JHTabBarButton.m in Sources */,
				C46876721BFC1ADF007606DE /* LGAlertViewCell.h in Sources */,
				C47B67DA1C03FF44003BB8C8 /* Reachability.m in Sources */,
				C46876731BFC1ADF007606DE /* LGAlertViewShared.h in Sources */,
				C46876741BFC1ADF007606DE /* LGAlertViewTextField.h in Sources */,
				C47B67CF1C03FD80003BB8C8 /* UIImage+MultiFormat.m in Sources */,
				C46876701BFC1ACC007606DE /* JHForgetPasswordViewController.m in Sources */,
				C47B67E41C044DD9003BB8C8 /* PopAnimation.m in Sources */,
				C4F1DD7F1BEAF2D50041984A /* AFSecurityPolicy.m in Sources */,
				C4F1DD761BEAF2D50041984A /* NSData+Base64.m in Sources */,
				C4F1DD841BEAF2D50041984A /* UIActivityIndicatorView+AFNetworking.m in Sources */,
				C4F1DD7A1BEAF2D50041984A /* AFHTTPRequestOperation.m in Sources */,
				C40891371BDA230D00F090B1 /* JHNewFeatureViewController.m in Sources */,
				C47B67CE1C03FD80003BB8C8 /* UIImage+GIF.m in Sources */,
				C4F1DD801BEAF2D50041984A /* AFURLConnectionOperation.m in Sources */,
				C47B67CC1C03FD80003BB8C8 /* SDWebImagePrefetcher.m in Sources */,
				C45280521C08338200245653 /* JHBaseSettingController.m in Sources */,
				C4F0DD761BE84BC70051A24A /* JHHomeTitleButton.m in Sources */,
				C47B67E21C044DD9003BB8C8 /* Nav.m in Sources */,
				C457919E1BEB75E5009C297C /* MBProgressHUD+MJ.m in Sources */,
				C4F1DD4E1BEAF1820041984A /* MyMD5.m in Sources */,
				C46AF8961BF1CEFD00D26C7B /* JHRegisterViewController.m in Sources */,
				C4F1DD831BEAF2D50041984A /* AFURLSessionManager.m in Sources */,
				C4F1DD781BEAF2D50041984A /* NSString+Base64.m in Sources */,
				C4FC11EB1BEDE10F00E84F17 /* LGAlertViewCell.m in Sources */,
				C408913B1BDA230D00F090B1 /* JHTabBarController.m in Sources */,
				C47B67CD1C03FD80003BB8C8 /* UIButton+WebCache.m in Sources */,
				C47B68041C047B83003BB8C8 /* UIImage+DK.m in Sources */,
				C45280671C08428800245653 /* JHItemLabel.m in Sources */,
				C47B67D21C03FD80003BB8C8 /* UIImageView+WebCache.m in Sources */,
				C45280581C08355300245653 /* JHItem.m in Sources */,
				C47B67EA1C045F7D003BB8C8 /* JHClassificationController.m in Sources */,
				C45280641C08400A00245653 /* JHSettingItemCell.m in Sources */,
				C45791A51BEB8129009C297C /* OZHNetWork.m in Sources */,
				C47B67C91C03FD80003BB8C8 /* SDWebImageDownloader.m in Sources */,
				C40891381BDA230D00F090B1 /* UIBarButtonItem+Extension.m in Sources */,
				C40891451BDB2F0D00F090B1 /* JHUtils.m in Sources */,
				C452805E1C08365500245653 /* JHItemSwitch.m in Sources */,
				C47B67D01C03FD80003BB8C8 /* UIImage+WebP.m in Sources */,
				C49A4D8B1C059EF200C55834 /* JHAboutViewController.m in Sources */,
				C40890E01BDA21E300F090B1 /* AppDelegate.m in Sources */,
				C4F1DD821BEAF2D50041984A /* AFURLResponseSerialization.m in Sources */,
				C49A4D841C059E9600C55834 /* JHAdviceViewController.m in Sources */,
				C4F1DD7C1BEAF2D50041984A /* AFHTTPSessionManager.m in Sources */,
				C4F1DD7B1BEAF2D50041984A /* AFHTTPRequestOperationManager.m in Sources */,
				C49A4D881C059EC800C55834 /* JHUpdateViewController.m in Sources */,
				C4F1DD771BEAF2D50041984A /* NSData+CommonCrypto.m in Sources */,
				C40891391BDA230D00F090B1 /* UIView+extension.m in Sources */,
				C408913A1BDA230D00F090B1 /* JHNavigationController.m in Sources */,
				C47B67C71C03FD80003BB8C8 /* SDWebImageCompat.m in Sources */,
				C47B67A11C03F979003BB8C8 /* JHUtilTool.m in Sources */,
				C452806A1C085BE900245653 /* JHComposeView.m in Sources */,
				C47B67ED1C0460AE003BB8C8 /* JHTabBar.m in Sources */,
				C47B679E1C03F38C003BB8C8 /* JHHttpTool.m in Sources */,
				C4F1DD7E1BEAF2D50041984A /* AFNetworkReachabilityManager.m in Sources */,
				C45791A01BEB75E5009C297C /* MBProgressHUD.m in Sources */,
				C47B67C81C03FD80003BB8C8 /* SDWebImageDecoder.m in Sources */,
				C47B67D31C03FD80003BB8C8 /* UIView+WebCacheOperation.m in Sources */,
				C4E70CF81C0DB73100131144 /* JHSellingVC.m in Sources */,
				C45280551C08350400245653 /* JHGroup.m in Sources */,
				C4FC11EC1BEDE10F00E84F17 /* LGAlertViewTextField.m in Sources */,
				C40890DD1BDA21E300F090B1 /* main.m in Sources */,
				C4F1DD7D1BEAF2D50041984A /* AFNetworkActivityIndicatorManager.m in Sources */,
				C46AF8941BF1CEFD00D26C7B /* JHLoginViewController.m in Sources */,
				C4F1DD741BEAF2D50041984A /* AESCrypt.m in Sources */,
				C47B68011C047258003BB8C8 /* JHHomeController.m in Sources */,
				C4F1DD811BEAF2D50041984A /* AFURLRequestSerialization.m in Sources */,
				C47B67C61C03FD80003BB8C8 /* SDImageCache.m in Sources */,
				C4F1DD791BEAF2D50041984A /* README.md in Sources */,
				C47B67DB1C03FF44003BB8C8 /* README.md in Sources */,
				C47B67C41C03FD80003BB8C8 /* MKAnnotationView+WebCache.m in Sources */,
				C46AF8901BF1CEFD00D26C7B /* JHChangePasswordViewController.m in Sources */,
				C49A4D8F1C059F1600C55834 /* JHInviteViewController.m in Sources */,
				C46B0B8B1C06F0E4008AAF99 /* JHSettingController.m in Sources */,
				C4FC11EA1BEDE10F00E84F17 /* LGAlertView.m in Sources */,
				C47B67E31C044DD9003BB8C8 /* NavigationInteractiveTransition.m in Sources */,
				C47B67CA1C03FD80003BB8C8 /* SDWebImageDownloaderOperation.m in Sources */,
				C49A4D7F1C059E4700C55834 /* JHAccountViewController.m in Sources */,
				C47B67C51C03FD80003BB8C8 /* NSData+ImageContentType.m in Sources */,
				C47B67D11C03FD80003BB8C8 /* UIImageView+HighlightedWebCache.m in Sources */,
				C408913C1BDA230D00F090B1 /* JHTemp2Controller.m in Sources */,
			);
			runOnlyForDeploymentPostprocessing = 0;
		};
		C40890EC1BDA21E300F090B1 /* Sources */ = {
			isa = PBXSourcesBuildPhase;
			buildActionMask = 2147483647;
			files = (
				C40890F71BDA21E300F090B1 /* JvHuaTests.m in Sources */,
			);
			runOnlyForDeploymentPostprocessing = 0;
		};
/* End PBXSourcesBuildPhase section */

/* Begin PBXTargetDependency section */
		C40890F21BDA21E300F090B1 /* PBXTargetDependency */ = {
			isa = PBXTargetDependency;
			target = C40890D61BDA21E300F090B1 /* JvHua */;
			targetProxy = C40890F11BDA21E300F090B1 /* PBXContainerItemProxy */;
		};
/* End PBXTargetDependency section */

/* Begin PBXVariantGroup section */
		C40890E91BDA21E300F090B1 /* LaunchScreen.xib */ = {
			isa = PBXVariantGroup;
			children = (
				C40890EA1BDA21E300F090B1 /* Base */,
			);
			name = LaunchScreen.xib;
			sourceTree = "<group>";
		};
/* End PBXVariantGroup section */

/* Begin XCBuildConfiguration section */
		C40890F81BDA21E300F090B1 /* Debug */ = {
			isa = XCBuildConfiguration;
			buildSettings = {
				ALWAYS_SEARCH_USER_PATHS = NO;
				CLANG_CXX_LANGUAGE_STANDARD = "gnu++0x";
				CLANG_CXX_LIBRARY = "libc++";
				CLANG_ENABLE_MODULES = YES;
				CLANG_ENABLE_OBJC_ARC = YES;
				CLANG_WARN_BOOL_CONVERSION = YES;
				CLANG_WARN_CONSTANT_CONVERSION = YES;
				CLANG_WARN_DIRECT_OBJC_ISA_USAGE = YES_ERROR;
				CLANG_WARN_EMPTY_BODY = YES;
				CLANG_WARN_ENUM_CONVERSION = YES;
				CLANG_WARN_INT_CONVERSION = YES;
				CLANG_WARN_OBJC_ROOT_CLASS = YES_ERROR;
				CLANG_WARN_UNREACHABLE_CODE = YES;
				CLANG_WARN__DUPLICATE_METHOD_MATCH = YES;
				"CODE_SIGN_IDENTITY[sdk=iphoneos*]" = "iPhone Developer";
				COPY_PHASE_STRIP = NO;
				DEBUG_INFORMATION_FORMAT = "dwarf-with-dsym";
				ENABLE_STRICT_OBJC_MSGSEND = YES;
				GCC_C_LANGUAGE_STANDARD = gnu99;
				GCC_DYNAMIC_NO_PIC = NO;
				GCC_NO_COMMON_BLOCKS = YES;
				GCC_OPTIMIZATION_LEVEL = 0;
				GCC_PREPROCESSOR_DEFINITIONS = (
					"DEBUG=1",
					"$(inherited)",
				);
				GCC_SYMBOLS_PRIVATE_EXTERN = NO;
				GCC_WARN_64_TO_32_BIT_CONVERSION = YES;
				GCC_WARN_ABOUT_RETURN_TYPE = YES_ERROR;
				GCC_WARN_UNDECLARED_SELECTOR = YES;
				GCC_WARN_UNINITIALIZED_AUTOS = YES_AGGRESSIVE;
				GCC_WARN_UNUSED_FUNCTION = YES;
				GCC_WARN_UNUSED_VARIABLE = YES;
				IPHONEOS_DEPLOYMENT_TARGET = 8.4;
				MTL_ENABLE_DEBUG_INFO = YES;
				ONLY_ACTIVE_ARCH = YES;
				SDKROOT = iphoneos;
			};
			name = Debug;
		};
		C40890F91BDA21E300F090B1 /* Release */ = {
			isa = XCBuildConfiguration;
			buildSettings = {
				ALWAYS_SEARCH_USER_PATHS = NO;
				CLANG_CXX_LANGUAGE_STANDARD = "gnu++0x";
				CLANG_CXX_LIBRARY = "libc++";
				CLANG_ENABLE_MODULES = YES;
				CLANG_ENABLE_OBJC_ARC = YES;
				CLANG_WARN_BOOL_CONVERSION = YES;
				CLANG_WARN_CONSTANT_CONVERSION = YES;
				CLANG_WARN_DIRECT_OBJC_ISA_USAGE = YES_ERROR;
				CLANG_WARN_EMPTY_BODY = YES;
				CLANG_WARN_ENUM_CONVERSION = YES;
				CLANG_WARN_INT_CONVERSION = YES;
				CLANG_WARN_OBJC_ROOT_CLASS = YES_ERROR;
				CLANG_WARN_UNREACHABLE_CODE = YES;
				CLANG_WARN__DUPLICATE_METHOD_MATCH = YES;
				"CODE_SIGN_IDENTITY[sdk=iphoneos*]" = "iPhone Developer";
				COPY_PHASE_STRIP = NO;
				DEBUG_INFORMATION_FORMAT = "dwarf-with-dsym";
				ENABLE_NS_ASSERTIONS = NO;
				ENABLE_STRICT_OBJC_MSGSEND = YES;
				GCC_C_LANGUAGE_STANDARD = gnu99;
				GCC_NO_COMMON_BLOCKS = YES;
				GCC_WARN_64_TO_32_BIT_CONVERSION = YES;
				GCC_WARN_ABOUT_RETURN_TYPE = YES_ERROR;
				GCC_WARN_UNDECLARED_SELECTOR = YES;
				GCC_WARN_UNINITIALIZED_AUTOS = YES_AGGRESSIVE;
				GCC_WARN_UNUSED_FUNCTION = YES;
				GCC_WARN_UNUSED_VARIABLE = YES;
				IPHONEOS_DEPLOYMENT_TARGET = 8.4;
				MTL_ENABLE_DEBUG_INFO = NO;
				SDKROOT = iphoneos;
				VALIDATE_PRODUCT = YES;
			};
			name = Release;
		};
		C40890FB1BDA21E300F090B1 /* Debug */ = {
			isa = XCBuildConfiguration;
			buildSettings = {
				ARCHS = "$(ARCHS_STANDARD_32_BIT)";
				ASSETCATALOG_COMPILER_APPICON_NAME = AppIcon;
				ASSETCATALOG_COMPILER_LAUNCHIMAGE_NAME = LaunchImage;
				GCC_PREFIX_HEADER = "$(SRCROOT)/JvHua/JvHua.pch";
				INFOPLIST_FILE = JvHua/Info.plist;
				IPHONEOS_DEPLOYMENT_TARGET = 7.1;
				LD_RUNPATH_SEARCH_PATHS = "$(inherited) @executable_path/Frameworks";
				ONLY_ACTIVE_ARCH = NO;
				PRODUCT_NAME = "$(TARGET_NAME)";
				VALID_ARCHS = "armv7 armv7s arm64";
			};
			name = Debug;
		};
		C40890FC1BDA21E300F090B1 /* Release */ = {
			isa = XCBuildConfiguration;
			buildSettings = {
				ARCHS = "$(ARCHS_STANDARD_32_BIT)";
				ASSETCATALOG_COMPILER_APPICON_NAME = AppIcon;
				ASSETCATALOG_COMPILER_LAUNCHIMAGE_NAME = LaunchImage;
				GCC_PREFIX_HEADER = "$(SRCROOT)/JvHua/JvHua.pch";
				INFOPLIST_FILE = JvHua/Info.plist;
				IPHONEOS_DEPLOYMENT_TARGET = 7.1;
				LD_RUNPATH_SEARCH_PATHS = "$(inherited) @executable_path/Frameworks";
				ONLY_ACTIVE_ARCH = NO;
				PRODUCT_NAME = "$(TARGET_NAME)";
				VALID_ARCHS = "armv7 armv7s arm64";
			};
			name = Release;
		};
		C40890FE1BDA21E300F090B1 /* Debug */ = {
			isa = XCBuildConfiguration;
			buildSettings = {
				BUNDLE_LOADER = "$(TEST_HOST)";
				FRAMEWORK_SEARCH_PATHS = (
					"$(SDKROOT)/Developer/Library/Frameworks",
					"$(inherited)",
				);
				GCC_PREPROCESSOR_DEFINITIONS = (
					"DEBUG=1",
					"$(inherited)",
				);
				INFOPLIST_FILE = JvHuaTests/Info.plist;
				LD_RUNPATH_SEARCH_PATHS = "$(inherited) @executable_path/Frameworks @loader_path/Frameworks";
				PRODUCT_NAME = "$(TARGET_NAME)";
				TEST_HOST = "$(BUILT_PRODUCTS_DIR)/JvHua.app/JvHua";
			};
			name = Debug;
		};
		C40890FF1BDA21E300F090B1 /* Release */ = {
			isa = XCBuildConfiguration;
			buildSettings = {
				BUNDLE_LOADER = "$(TEST_HOST)";
				FRAMEWORK_SEARCH_PATHS = (
					"$(SDKROOT)/Developer/Library/Frameworks",
					"$(inherited)",
				);
				INFOPLIST_FILE = JvHuaTests/Info.plist;
				LD_RUNPATH_SEARCH_PATHS = "$(inherited) @executable_path/Frameworks @loader_path/Frameworks";
				PRODUCT_NAME = "$(TARGET_NAME)";
				TEST_HOST = "$(BUILT_PRODUCTS_DIR)/JvHua.app/JvHua";
			};
			name = Release;
		};
/* End XCBuildConfiguration section */

/* Begin XCConfigurationList section */
		C40890D21BDA21E300F090B1 /* Build configuration list for PBXProject "JvHua" */ = {
			isa = XCConfigurationList;
			buildConfigurations = (
				C40890F81BDA21E300F090B1 /* Debug */,
				C40890F91BDA21E300F090B1 /* Release */,
			);
			defaultConfigurationIsVisible = 0;
			defaultConfigurationName = Release;
		};
		C40890FA1BDA21E300F090B1 /* Build configuration list for PBXNativeTarget "JvHua" */ = {
			isa = XCConfigurationList;
			buildConfigurations = (
				C40890FB1BDA21E300F090B1 /* Debug */,
				C40890FC1BDA21E300F090B1 /* Release */,
			);
			defaultConfigurationIsVisible = 0;
			defaultConfigurationName = Release;
		};
		C40890FD1BDA21E300F090B1 /* Build configuration list for PBXNativeTarget "JvHuaTests" */ = {
			isa = XCConfigurationList;
			buildConfigurations = (
				C40890FE1BDA21E300F090B1 /* Debug */,
				C40890FF1BDA21E300F090B1 /* Release */,
			);
			defaultConfigurationIsVisible = 0;
			defaultConfigurationName = Release;
		};
/* End XCConfigurationList section */
	};
	rootObject = C40890CF1BDA21E300F090B1 /* Project object */;
}
